{
  "version": 4,
  "terraform_version": "1.10.1",
  "serial": 553,
  "lineage": "48e70072-1546-2357-426b-7ba5e860b82a",
  "outputs": {},
  "resources": [
    {
      "mode": "managed",
      "type": "null_resource",
      "name": "check_credentials",
      "provider": "provider[\"registry.terraform.io/hashicorp/null\"]",
      "instances": [
        {
          "schema_version": 0,
          "attributes": {
            "id": "648780621665158820",
            "triggers": null
          },
          "sensitive_attributes": []
        }
      ]
    },
    {
      "module": "module.cloud_functions",
      "mode": "managed",
      "type": "google_cloudfunctions_function",
      "name": "functions",
      "provider": "provider[\"registry.terraform.io/hashicorp/google\"]",
      "instances": [
        {
          "index_key": "absolute_comfort_bu_extraction",
          "schema_version": 0,
          "attributes": {
            "available_memory_mb": 512,
            "build_environment_variables": null,
            "build_service_account": "",
            "build_worker_pool": "",
            "description": "",
            "docker_registry": "ARTIFACT_REGISTRY",
            "docker_repository": "",
            "effective_labels": {},
            "entry_point": "extract_business_units",
            "environment_variables": {
              "TENANT_IDS": "563439940"
            },
            "event_trigger": [
              {
                "event_type": "google.pubsub.topic.publish",
                "failure_policy": [
                  {
                    "retry": false
                  }
                ],
                "resource": "projects/autobot-v1-356820/topics/absolute_comfort_bu_extraction"
              }
            ],
            "https_trigger_security_level": null,
            "https_trigger_url": null,
            "id": "projects/autobot-v1-356820/locations/us-central1/functions/absolute_comfort_bu_extraction",
            "ingress_settings": "ALLOW_ALL",
            "kms_key_name": "",
            "labels": {},
            "max_instances": 3000,
            "min_instances": 0,
            "name": "absolute_comfort_bu_extraction",
            "project": "autobot-v1-356820",
            "region": "us-central1",
            "runtime": "python311",
            "secret_environment_variables": [],
            "secret_volumes": [],
            "service_account_email": "autobot-v1-356820@appspot.gserviceaccount.com",
            "source_archive_bucket": "autobot_scheduler_cloud_function",
            "source_archive_object": "absolute_comfort_bu_extraction.zip",
            "source_repository": [],
            "status": "ACTIVE",
            "terraform_labels": {},
            "timeout": 60,
            "timeouts": null,
            "trigger_http": null,
            "version_id": "1",
            "vpc_connector": "",
            "vpc_connector_egress_settings": ""
          },
          "sensitive_attributes": [],
          "private": "eyJlMmJmYjczMC1lY2FhLTExZTYtOGY4OC0zNDM2M2JjN2M0YzAiOnsiY3JlYXRlIjozMDAwMDAwMDAwMDAsImRlbGV0ZSI6MzAwMDAwMDAwMDAwLCJyZWFkIjozMDAwMDAwMDAwMDAsInVwZGF0ZSI6MzAwMDAwMDAwMDAwfX0=",
          "dependencies": [
            "module.function_storage.google_storage_bucket_object.functions",
            "module.pubsub.google_pubsub_topic.topics"
          ]
        },
        {
          "index_key": "absolute_comfort_campaign_extraction",
          "schema_version": 0,
          "attributes": {
            "available_memory_mb": 512,
            "build_environment_variables": null,
            "build_service_account": "",
            "build_worker_pool": "",
            "description": "",
            "docker_registry": "ARTIFACT_REGISTRY",
            "docker_repository": "",
            "effective_labels": {},
            "entry_point": "extract_campaigns",
            "environment_variables": {
              "TENANT_IDS": "563439940"
            },
            "event_trigger": [
              {
                "event_type": "google.pubsub.topic.publish",
                "failure_policy": [
                  {
                    "retry": false
                  }
                ],
                "resource": "projects/autobot-v1-356820/topics/absolute_comfort_campaign_extraction"
              }
            ],
            "https_trigger_security_level": null,
            "https_trigger_url": null,
            "id": "projects/autobot-v1-356820/locations/us-central1/functions/absolute_comfort_campaign_extraction",
            "ingress_settings": "ALLOW_ALL",
            "kms_key_name": "",
            "labels": {},
            "max_instances": 3000,
            "min_instances": 0,
            "name": "absolute_comfort_campaign_extraction",
            "project": "autobot-v1-356820",
            "region": "us-central1",
            "runtime": "python311",
            "secret_environment_variables": [],
            "secret_volumes": [],
            "service_account_email": "autobot-v1-356820@appspot.gserviceaccount.com",
            "source_archive_bucket": "autobot_scheduler_cloud_function",
            "source_archive_object": "absolute_comfort_campaign_extraction.zip",
            "source_repository": [],
            "status": "ACTIVE",
            "terraform_labels": {},
            "timeout": 60,
            "timeouts": null,
            "trigger_http": null,
            "version_id": "1",
            "vpc_connector": "",
            "vpc_connector_egress_settings": ""
          },
          "sensitive_attributes": [],
          "private": "eyJlMmJmYjczMC1lY2FhLTExZTYtOGY4OC0zNDM2M2JjN2M0YzAiOnsiY3JlYXRlIjozMDAwMDAwMDAwMDAsImRlbGV0ZSI6MzAwMDAwMDAwMDAwLCJyZWFkIjozMDAwMDAwMDAwMDAsInVwZGF0ZSI6MzAwMDAwMDAwMDAwfX0=",
          "dependencies": [
            "module.function_storage.google_storage_bucket_object.functions",
            "module.pubsub.google_pubsub_topic.topics"
          ]
        },
        {
          "index_key": "absolute_comfort_customer_contact_extraction",
          "schema_version": 0,
          "attributes": {
            "available_memory_mb": 512,
            "build_environment_variables": null,
            "build_service_account": "",
            "build_worker_pool": "",
            "description": "",
            "docker_registry": "ARTIFACT_REGISTRY",
            "docker_repository": "",
            "effective_labels": {},
            "entry_point": "extract_cdc_customer_contact",
            "environment_variables": {
              "TENANT_IDS": "563439940"
            },
            "event_trigger": [
              {
                "event_type": "google.pubsub.topic.publish",
                "failure_policy": [
                  {
                    "retry": false
                  }
                ],
                "resource": "projects/autobot-v1-356820/topics/absolute_comfort_customer_contact_extraction"
              }
            ],
            "https_trigger_security_level": null,
            "https_trigger_url": null,
            "id": "projects/autobot-v1-356820/locations/us-central1/functions/absolute_comfort_customer_contact_extraction",
            "ingress_settings": "ALLOW_ALL",
            "kms_key_name": "",
            "labels": {},
            "max_instances": 3000,
            "min_instances": 0,
            "name": "absolute_comfort_customer_contact_extraction",
            "project": "autobot-v1-356820",
            "region": "us-central1",
            "runtime": "python311",
            "secret_environment_variables": [],
            "secret_volumes": [],
            "service_account_email": "autobot-v1-356820@appspot.gserviceaccount.com",
            "source_archive_bucket": "autobot_scheduler_cloud_function",
            "source_archive_object": "absolute_comfort_customer_contact_extraction.zip",
            "source_repository": [],
            "status": "ACTIVE",
            "terraform_labels": {},
            "timeout": 60,
            "timeouts": null,
            "trigger_http": null,
            "version_id": "1",
            "vpc_connector": "",
            "vpc_connector_egress_settings": ""
          },
          "sensitive_attributes": [],
          "private": "eyJlMmJmYjczMC1lY2FhLTExZTYtOGY4OC0zNDM2M2JjN2M0YzAiOnsiY3JlYXRlIjozMDAwMDAwMDAwMDAsImRlbGV0ZSI6MzAwMDAwMDAwMDAwLCJyZWFkIjozMDAwMDAwMDAwMDAsInVwZGF0ZSI6MzAwMDAwMDAwMDAwfX0=",
          "dependencies": [
            "module.function_storage.google_storage_bucket_object.functions",
            "module.pubsub.google_pubsub_topic.topics"
          ]
        },
        {
          "index_key": "absolute_comfort_customer_extraction",
          "schema_version": 0,
          "attributes": {
            "available_memory_mb": 512,
            "build_environment_variables": null,
            "build_service_account": "",
            "build_worker_pool": "",
            "description": "",
            "docker_registry": "ARTIFACT_REGISTRY",
            "docker_repository": "",
            "effective_labels": {},
            "entry_point": "extract_customers",
            "environment_variables": {
              "TENANT_IDS": "563439940"
            },
            "event_trigger": [
              {
                "event_type": "google.pubsub.topic.publish",
                "failure_policy": [
                  {
                    "retry": false
                  }
                ],
                "resource": "projects/autobot-v1-356820/topics/absolute_comfort_customer_extraction"
              }
            ],
            "https_trigger_security_level": null,
            "https_trigger_url": null,
            "id": "projects/autobot-v1-356820/locations/us-central1/functions/absolute_comfort_customer_extraction",
            "ingress_settings": "ALLOW_ALL",
            "kms_key_name": "",
            "labels": {},
            "max_instances": 3000,
            "min_instances": 0,
            "name": "absolute_comfort_customer_extraction",
            "project": "autobot-v1-356820",
            "region": "us-central1",
            "runtime": "python311",
            "secret_environment_variables": [],
            "secret_volumes": [],
            "service_account_email": "autobot-v1-356820@appspot.gserviceaccount.com",
            "source_archive_bucket": "autobot_scheduler_cloud_function",
            "source_archive_object": "absolute_comfort_customer_extraction.zip",
            "source_repository": [],
            "status": "ACTIVE",
            "terraform_labels": {},
            "timeout": 60,
            "timeouts": null,
            "trigger_http": null,
            "version_id": "1",
            "vpc_connector": "",
            "vpc_connector_egress_settings": ""
          },
          "sensitive_attributes": [],
          "private": "eyJlMmJmYjczMC1lY2FhLTExZTYtOGY4OC0zNDM2M2JjN2M0YzAiOnsiY3JlYXRlIjozMDAwMDAwMDAwMDAsImRlbGV0ZSI6MzAwMDAwMDAwMDAwLCJyZWFkIjozMDAwMDAwMDAwMDAsInVwZGF0ZSI6MzAwMDAwMDAwMDAwfX0=",
          "dependencies": [
            "module.function_storage.google_storage_bucket_object.functions",
            "module.pubsub.google_pubsub_topic.topics"
          ]
        },
        {
          "index_key": "absolute_comfort_customer_information_extraction",
          "schema_version": 0,
          "attributes": {
            "available_memory_mb": 512,
            "build_environment_variables": null,
            "build_service_account": "",
            "build_worker_pool": "",
            "description": "",
            "docker_registry": "ARTIFACT_REGISTRY",
            "docker_repository": "",
            "effective_labels": {},
            "entry_point": "transform",
            "environment_variables": {
              "TENANT_IDS": "563439940"
            },
            "event_trigger": [
              {
                "event_type": "google.pubsub.topic.publish",
                "failure_policy": [
                  {
                    "retry": false
                  }
                ],
                "resource": "projects/autobot-v1-356820/topics/absolute_comfort_customer_information_extraction"
              }
            ],
            "https_trigger_security_level": null,
            "https_trigger_url": null,
            "id": "projects/autobot-v1-356820/locations/us-central1/functions/absolute_comfort_customer_information_extraction",
            "ingress_settings": "ALLOW_ALL",
            "kms_key_name": "",
            "labels": {},
            "max_instances": 3000,
            "min_instances": 0,
            "name": "absolute_comfort_customer_information_extraction",
            "project": "autobot-v1-356820",
            "region": "us-central1",
            "runtime": "python311",
            "secret_environment_variables": [],
            "secret_volumes": [],
            "service_account_email": "autobot-v1-356820@appspot.gserviceaccount.com",
            "source_archive_bucket": "autobot_scheduler_cloud_function",
            "source_archive_object": "absolute_comfort_customer_information_extraction.zip",
            "source_repository": [],
            "status": "ACTIVE",
            "terraform_labels": {},
            "timeout": 60,
            "timeouts": null,
            "trigger_http": null,
            "version_id": "1",
            "vpc_connector": "",
            "vpc_connector_egress_settings": ""
          },
          "sensitive_attributes": [],
          "private": "eyJlMmJmYjczMC1lY2FhLTExZTYtOGY4OC0zNDM2M2JjN2M0YzAiOnsiY3JlYXRlIjozMDAwMDAwMDAwMDAsImRlbGV0ZSI6MzAwMDAwMDAwMDAwLCJyZWFkIjozMDAwMDAwMDAwMDAsInVwZGF0ZSI6MzAwMDAwMDAwMDAwfX0=",
          "dependencies": [
            "module.function_storage.google_storage_bucket_object.functions",
            "module.pubsub.google_pubsub_topic.topics"
          ]
        },
        {
          "index_key": "absolute_comfort_job_type_extraction",
          "schema_version": 0,
          "attributes": {
            "available_memory_mb": 512,
            "build_environment_variables": null,
            "build_service_account": "",
            "build_worker_pool": "",
            "description": "",
            "docker_registry": "ARTIFACT_REGISTRY",
            "docker_repository": "",
            "effective_labels": {},
            "entry_point": "extract_job_types",
            "environment_variables": {
              "TENANT_IDS": "563439940"
            },
            "event_trigger": [
              {
                "event_type": "google.pubsub.topic.publish",
                "failure_policy": [
                  {
                    "retry": false
                  }
                ],
                "resource": "projects/autobot-v1-356820/topics/absolute_comfort_job_type_extraction"
              }
            ],
            "https_trigger_security_level": null,
            "https_trigger_url": null,
            "id": "projects/autobot-v1-356820/locations/us-central1/functions/absolute_comfort_job_type_extraction",
            "ingress_settings": "ALLOW_ALL",
            "kms_key_name": "",
            "labels": {},
            "max_instances": 3000,
            "min_instances": 0,
            "name": "absolute_comfort_job_type_extraction",
            "project": "autobot-v1-356820",
            "region": "us-central1",
            "runtime": "python311",
            "secret_environment_variables": [],
            "secret_volumes": [],
            "service_account_email": "autobot-v1-356820@appspot.gserviceaccount.com",
            "source_archive_bucket": "autobot_scheduler_cloud_function",
            "source_archive_object": "absolute_comfort_job_type_extraction.zip",
            "source_repository": [],
            "status": "ACTIVE",
            "terraform_labels": {},
            "timeout": 60,
            "timeouts": null,
            "trigger_http": null,
            "version_id": "1",
            "vpc_connector": "",
            "vpc_connector_egress_settings": ""
          },
          "sensitive_attributes": [],
          "private": "eyJlMmJmYjczMC1lY2FhLTExZTYtOGY4OC0zNDM2M2JjN2M0YzAiOnsiY3JlYXRlIjozMDAwMDAwMDAwMDAsImRlbGV0ZSI6MzAwMDAwMDAwMDAwLCJyZWFkIjozMDAwMDAwMDAwMDAsInVwZGF0ZSI6MzAwMDAwMDAwMDAwfX0=",
          "dependencies": [
            "module.function_storage.google_storage_bucket_object.functions",
            "module.pubsub.google_pubsub_topic.topics"
          ]
        },
        {
          "index_key": "absolute_comfort_location_extraction",
          "schema_version": 0,
          "attributes": {
            "available_memory_mb": 512,
            "build_environment_variables": null,
            "build_service_account": "",
            "build_worker_pool": "",
            "description": "",
            "docker_registry": "ARTIFACT_REGISTRY",
            "docker_repository": "",
            "effective_labels": {},
            "entry_point": "extract_locations",
            "environment_variables": {
              "TENANT_IDS": "563439940"
            },
            "event_trigger": [
              {
                "event_type": "google.pubsub.topic.publish",
                "failure_policy": [
                  {
                    "retry": false
                  }
                ],
                "resource": "projects/autobot-v1-356820/topics/absolute_comfort_location_extraction"
              }
            ],
            "https_trigger_security_level": null,
            "https_trigger_url": null,
            "id": "projects/autobot-v1-356820/locations/us-central1/functions/absolute_comfort_location_extraction",
            "ingress_settings": "ALLOW_ALL",
            "kms_key_name": "",
            "labels": {},
            "max_instances": 3000,
            "min_instances": 0,
            "name": "absolute_comfort_location_extraction",
            "project": "autobot-v1-356820",
            "region": "us-central1",
            "runtime": "python311",
            "secret_environment_variables": [],
            "secret_volumes": [],
            "service_account_email": "autobot-v1-356820@appspot.gserviceaccount.com",
            "source_archive_bucket": "autobot_scheduler_cloud_function",
            "source_archive_object": "absolute_comfort_location_extraction.zip",
            "source_repository": [],
            "status": "ACTIVE",
            "terraform_labels": {},
            "timeout": 60,
            "timeouts": null,
            "trigger_http": null,
            "version_id": "1",
            "vpc_connector": "",
            "vpc_connector_egress_settings": ""
          },
          "sensitive_attributes": [],
          "private": "eyJlMmJmYjczMC1lY2FhLTExZTYtOGY4OC0zNDM2M2JjN2M0YzAiOnsiY3JlYXRlIjozMDAwMDAwMDAwMDAsImRlbGV0ZSI6MzAwMDAwMDAwMDAwLCJyZWFkIjozMDAwMDAwMDAwMDAsInVwZGF0ZSI6MzAwMDAwMDAwMDAwfX0=",
          "dependencies": [
            "module.function_storage.google_storage_bucket_object.functions",
            "module.pubsub.google_pubsub_topic.topics"
          ]
        },
        {
          "index_key": "absolute_comfort_membership_extraction",
          "schema_version": 0,
          "attributes": {
            "available_memory_mb": 512,
            "build_environment_variables": null,
            "build_service_account": "",
            "build_worker_pool": "",
            "description": "",
            "docker_registry": "ARTIFACT_REGISTRY",
            "docker_repository": "",
            "effective_labels": {},
            "entry_point": "extract_memberships",
            "environment_variables": {
              "TENANT_IDS": "563439940"
            },
            "event_trigger": [
              {
                "event_type": "google.pubsub.topic.publish",
                "failure_policy": [
                  {
                    "retry": false
                  }
                ],
                "resource": "projects/autobot-v1-356820/topics/absolute_comfort_membership_extraction"
              }
            ],
            "https_trigger_security_level": null,
            "https_trigger_url": null,
            "id": "projects/autobot-v1-356820/locations/us-central1/functions/absolute_comfort_membership_extraction",
            "ingress_settings": "ALLOW_ALL",
            "kms_key_name": "",
            "labels": {},
            "max_instances": 3000,
            "min_instances": 0,
            "name": "absolute_comfort_membership_extraction",
            "project": "autobot-v1-356820",
            "region": "us-central1",
            "runtime": "python311",
            "secret_environment_variables": [],
            "secret_volumes": [],
            "service_account_email": "autobot-v1-356820@appspot.gserviceaccount.com",
            "source_archive_bucket": "autobot_scheduler_cloud_function",
            "source_archive_object": "absolute_comfort_membership_extraction.zip",
            "source_repository": [],
            "status": "ACTIVE",
            "terraform_labels": {},
            "timeout": 60,
            "timeouts": null,
            "trigger_http": null,
            "version_id": "1",
            "vpc_connector": "",
            "vpc_connector_egress_settings": ""
          },
          "sensitive_attributes": [],
          "private": "eyJlMmJmYjczMC1lY2FhLTExZTYtOGY4OC0zNDM2M2JjN2M0YzAiOnsiY3JlYXRlIjozMDAwMDAwMDAwMDAsImRlbGV0ZSI6MzAwMDAwMDAwMDAwLCJyZWFkIjozMDAwMDAwMDAwMDAsInVwZGF0ZSI6MzAwMDAwMDAwMDAwfX0=",
          "dependencies": [
            "module.function_storage.google_storage_bucket_object.functions",
            "module.pubsub.google_pubsub_topic.topics"
          ]
        },
        {
          "index_key": "absolute_comfort_membership_types_extraction",
          "schema_version": 0,
          "attributes": {
            "available_memory_mb": 512,
            "build_environment_variables": null,
            "build_service_account": "",
            "build_worker_pool": "",
            "description": "",
            "docker_registry": "ARTIFACT_REGISTRY",
            "docker_repository": "",
            "effective_labels": {},
            "entry_point": "extract_membership_types",
            "environment_variables": {
              "TENANT_IDS": "563439940"
            },
            "event_trigger": [
              {
                "event_type": "google.pubsub.topic.publish",
                "failure_policy": [
                  {
                    "retry": false
                  }
                ],
                "resource": "projects/autobot-v1-356820/topics/absolute_comfort_membership_types_extraction"
              }
            ],
            "https_trigger_security_level": null,
            "https_trigger_url": null,
            "id": "projects/autobot-v1-356820/locations/us-central1/functions/absolute_comfort_membership_types_extraction",
            "ingress_settings": "ALLOW_ALL",
            "kms_key_name": "",
            "labels": {},
            "max_instances": 3000,
            "min_instances": 0,
            "name": "absolute_comfort_membership_types_extraction",
            "project": "autobot-v1-356820",
            "region": "us-central1",
            "runtime": "python311",
            "secret_environment_variables": [],
            "secret_volumes": [],
            "service_account_email": "autobot-v1-356820@appspot.gserviceaccount.com",
            "source_archive_bucket": "autobot_scheduler_cloud_function",
            "source_archive_object": "absolute_comfort_membership_types_extraction.zip",
            "source_repository": [],
            "status": "ACTIVE",
            "terraform_labels": {},
            "timeout": 60,
            "timeouts": null,
            "trigger_http": null,
            "version_id": "1",
            "vpc_connector": "",
            "vpc_connector_egress_settings": ""
          },
          "sensitive_attributes": [],
          "private": "eyJlMmJmYjczMC1lY2FhLTExZTYtOGY4OC0zNDM2M2JjN2M0YzAiOnsiY3JlYXRlIjozMDAwMDAwMDAwMDAsImRlbGV0ZSI6MzAwMDAwMDAwMDAwLCJyZWFkIjozMDAwMDAwMDAwMDAsInVwZGF0ZSI6MzAwMDAwMDAwMDAwfX0=",
          "dependencies": [
            "module.function_storage.google_storage_bucket_object.functions",
            "module.pubsub.google_pubsub_topic.topics"
          ]
        },
        {
          "index_key": "absolute_comfort_technician_extraction",
          "schema_version": 0,
          "attributes": {
            "available_memory_mb": 512,
            "build_environment_variables": null,
            "build_service_account": "",
            "build_worker_pool": "",
            "description": "",
            "docker_registry": "ARTIFACT_REGISTRY",
            "docker_repository": "",
            "effective_labels": {},
            "entry_point": "extract_technician",
            "environment_variables": {
              "TENANT_IDS": "563439940"
            },
            "event_trigger": [
              {
                "event_type": "google.pubsub.topic.publish",
                "failure_policy": [
                  {
                    "retry": false
                  }
                ],
                "resource": "projects/autobot-v1-356820/topics/absolute_comfort_technician_extraction"
              }
            ],
            "https_trigger_security_level": null,
            "https_trigger_url": null,
            "id": "projects/autobot-v1-356820/locations/us-central1/functions/absolute_comfort_technician_extraction",
            "ingress_settings": "ALLOW_ALL",
            "kms_key_name": "",
            "labels": {},
            "max_instances": 3000,
            "min_instances": 0,
            "name": "absolute_comfort_technician_extraction",
            "project": "autobot-v1-356820",
            "region": "us-central1",
            "runtime": "python311",
            "secret_environment_variables": [],
            "secret_volumes": [],
            "service_account_email": "autobot-v1-356820@appspot.gserviceaccount.com",
            "source_archive_bucket": "autobot_scheduler_cloud_function",
            "source_archive_object": "absolute_comfort_technician_extraction.zip",
            "source_repository": [],
            "status": "ACTIVE",
            "terraform_labels": {},
            "timeout": 60,
            "timeouts": null,
            "trigger_http": null,
            "version_id": "1",
            "vpc_connector": "",
            "vpc_connector_egress_settings": ""
          },
          "sensitive_attributes": [],
          "private": "eyJlMmJmYjczMC1lY2FhLTExZTYtOGY4OC0zNDM2M2JjN2M0YzAiOnsiY3JlYXRlIjozMDAwMDAwMDAwMDAsImRlbGV0ZSI6MzAwMDAwMDAwMDAwLCJyZWFkIjozMDAwMDAwMDAwMDAsInVwZGF0ZSI6MzAwMDAwMDAwMDAwfX0=",
          "dependencies": [
            "module.function_storage.google_storage_bucket_object.functions",
            "module.pubsub.google_pubsub_topic.topics"
          ]
        },
        {
          "index_key": "yarbrough_and_sons_bu_extraction",
          "schema_version": 0,
          "attributes": {
            "available_memory_mb": 512,
            "build_environment_variables": null,
            "build_service_account": "",
            "build_worker_pool": "",
            "description": "",
            "docker_registry": "ARTIFACT_REGISTRY",
            "docker_repository": "",
            "effective_labels": {},
            "entry_point": "extract_business_units",
            "environment_variables": {
              "TENANT_IDS": "469367432"
            },
            "event_trigger": [
              {
                "event_type": "google.pubsub.topic.publish",
                "failure_policy": [
                  {
                    "retry": false
                  }
                ],
                "resource": "projects/autobot-v1-356820/topics/yarbrough_and_sons_bu_extraction"
              }
            ],
            "https_trigger_security_level": null,
            "https_trigger_url": null,
            "id": "projects/autobot-v1-356820/locations/us-central1/functions/yarbrough_and_sons_bu_extraction",
            "ingress_settings": "ALLOW_ALL",
            "kms_key_name": "",
            "labels": {},
            "max_instances": 3000,
            "min_instances": 0,
            "name": "yarbrough_and_sons_bu_extraction",
            "project": "autobot-v1-356820",
            "region": "us-central1",
            "runtime": "python311",
            "secret_environment_variables": [],
            "secret_volumes": [],
            "service_account_email": "autobot-v1-356820@appspot.gserviceaccount.com",
            "source_archive_bucket": "autobot_scheduler_cloud_function",
            "source_archive_object": "yarbrough_and_sons_bu_extraction.zip",
            "source_repository": [],
            "status": "ACTIVE",
            "terraform_labels": {},
            "timeout": 60,
            "timeouts": null,
            "trigger_http": null,
            "version_id": "1",
            "vpc_connector": "",
            "vpc_connector_egress_settings": ""
          },
          "sensitive_attributes": [],
          "private": "eyJlMmJmYjczMC1lY2FhLTExZTYtOGY4OC0zNDM2M2JjN2M0YzAiOnsiY3JlYXRlIjozMDAwMDAwMDAwMDAsImRlbGV0ZSI6MzAwMDAwMDAwMDAwLCJyZWFkIjozMDAwMDAwMDAwMDAsInVwZGF0ZSI6MzAwMDAwMDAwMDAwfX0=",
          "dependencies": [
            "module.function_storage.google_storage_bucket_object.functions",
            "module.pubsub.google_pubsub_topic.topics"
          ]
        },
        {
          "index_key": "yarbrough_and_sons_campaign_extraction",
          "schema_version": 0,
          "attributes": {
            "available_memory_mb": 512,
            "build_environment_variables": null,
            "build_service_account": "",
            "build_worker_pool": "",
            "description": "",
            "docker_registry": "ARTIFACT_REGISTRY",
            "docker_repository": "",
            "effective_labels": {},
            "entry_point": "extract_campaigns",
            "environment_variables": {
              "TENANT_IDS": "469367432"
            },
            "event_trigger": [
              {
                "event_type": "google.pubsub.topic.publish",
                "failure_policy": [
                  {
                    "retry": false
                  }
                ],
                "resource": "projects/autobot-v1-356820/topics/yarbrough_and_sons_campaign_extraction"
              }
            ],
            "https_trigger_security_level": null,
            "https_trigger_url": null,
            "id": "projects/autobot-v1-356820/locations/us-central1/functions/yarbrough_and_sons_campaign_extraction",
            "ingress_settings": "ALLOW_ALL",
            "kms_key_name": "",
            "labels": {},
            "max_instances": 3000,
            "min_instances": 0,
            "name": "yarbrough_and_sons_campaign_extraction",
            "project": "autobot-v1-356820",
            "region": "us-central1",
            "runtime": "python311",
            "secret_environment_variables": [],
            "secret_volumes": [],
            "service_account_email": "autobot-v1-356820@appspot.gserviceaccount.com",
            "source_archive_bucket": "autobot_scheduler_cloud_function",
            "source_archive_object": "yarbrough_and_sons_campaign_extraction.zip",
            "source_repository": [],
            "status": "ACTIVE",
            "terraform_labels": {},
            "timeout": 60,
            "timeouts": null,
            "trigger_http": null,
            "version_id": "1",
            "vpc_connector": "",
            "vpc_connector_egress_settings": ""
          },
          "sensitive_attributes": [],
          "private": "eyJlMmJmYjczMC1lY2FhLTExZTYtOGY4OC0zNDM2M2JjN2M0YzAiOnsiY3JlYXRlIjozMDAwMDAwMDAwMDAsImRlbGV0ZSI6MzAwMDAwMDAwMDAwLCJyZWFkIjozMDAwMDAwMDAwMDAsInVwZGF0ZSI6MzAwMDAwMDAwMDAwfX0=",
          "dependencies": [
            "module.function_storage.google_storage_bucket_object.functions",
            "module.pubsub.google_pubsub_topic.topics"
          ]
        },
        {
          "index_key": "yarbrough_and_sons_customer_contact_extraction",
          "schema_version": 0,
          "attributes": {
            "available_memory_mb": 512,
            "build_environment_variables": null,
            "build_service_account": "",
            "build_worker_pool": "",
            "description": "",
            "docker_registry": "ARTIFACT_REGISTRY",
            "docker_repository": "",
            "effective_labels": {},
            "entry_point": "extract_cdc_customer_contact",
            "environment_variables": {
              "TENANT_IDS": "469367432"
            },
            "event_trigger": [
              {
                "event_type": "google.pubsub.topic.publish",
                "failure_policy": [
                  {
                    "retry": false
                  }
                ],
                "resource": "projects/autobot-v1-356820/topics/yarbrough_and_sons_customer_contact_extraction"
              }
            ],
            "https_trigger_security_level": null,
            "https_trigger_url": null,
            "id": "projects/autobot-v1-356820/locations/us-central1/functions/yarbrough_and_sons_customer_contact_extraction",
            "ingress_settings": "ALLOW_ALL",
            "kms_key_name": "",
            "labels": {},
            "max_instances": 3000,
            "min_instances": 0,
            "name": "yarbrough_and_sons_customer_contact_extraction",
            "project": "autobot-v1-356820",
            "region": "us-central1",
            "runtime": "python311",
            "secret_environment_variables": [],
            "secret_volumes": [],
            "service_account_email": "autobot-v1-356820@appspot.gserviceaccount.com",
            "source_archive_bucket": "autobot_scheduler_cloud_function",
            "source_archive_object": "yarbrough_and_sons_customer_contact_extraction.zip",
            "source_repository": [],
            "status": "ACTIVE",
            "terraform_labels": {},
            "timeout": 60,
            "timeouts": null,
            "trigger_http": null,
            "version_id": "1",
            "vpc_connector": "",
            "vpc_connector_egress_settings": ""
          },
          "sensitive_attributes": [],
          "private": "eyJlMmJmYjczMC1lY2FhLTExZTYtOGY4OC0zNDM2M2JjN2M0YzAiOnsiY3JlYXRlIjozMDAwMDAwMDAwMDAsImRlbGV0ZSI6MzAwMDAwMDAwMDAwLCJyZWFkIjozMDAwMDAwMDAwMDAsInVwZGF0ZSI6MzAwMDAwMDAwMDAwfX0=",
          "dependencies": [
            "module.function_storage.google_storage_bucket_object.functions",
            "module.pubsub.google_pubsub_topic.topics"
          ]
        },
        {
          "index_key": "yarbrough_and_sons_customer_extraction",
          "schema_version": 0,
          "attributes": {
            "available_memory_mb": 512,
            "build_environment_variables": null,
            "build_service_account": "",
            "build_worker_pool": "",
            "description": "",
            "docker_registry": "ARTIFACT_REGISTRY",
            "docker_repository": "",
            "effective_labels": {},
            "entry_point": "extract_customers",
            "environment_variables": {
              "TENANT_IDS": "469367432"
            },
            "event_trigger": [
              {
                "event_type": "google.pubsub.topic.publish",
                "failure_policy": [
                  {
                    "retry": false
                  }
                ],
                "resource": "projects/autobot-v1-356820/topics/yarbrough_and_sons_customer_extraction"
              }
            ],
            "https_trigger_security_level": null,
            "https_trigger_url": null,
            "id": "projects/autobot-v1-356820/locations/us-central1/functions/yarbrough_and_sons_customer_extraction",
            "ingress_settings": "ALLOW_ALL",
            "kms_key_name": "",
            "labels": {},
            "max_instances": 3000,
            "min_instances": 0,
            "name": "yarbrough_and_sons_customer_extraction",
            "project": "autobot-v1-356820",
            "region": "us-central1",
            "runtime": "python311",
            "secret_environment_variables": [],
            "secret_volumes": [],
            "service_account_email": "autobot-v1-356820@appspot.gserviceaccount.com",
            "source_archive_bucket": "autobot_scheduler_cloud_function",
            "source_archive_object": "yarbrough_and_sons_customer_extraction.zip",
            "source_repository": [],
            "status": "ACTIVE",
            "terraform_labels": {},
            "timeout": 60,
            "timeouts": null,
            "trigger_http": null,
            "version_id": "1",
            "vpc_connector": "",
            "vpc_connector_egress_settings": ""
          },
          "sensitive_attributes": [],
          "private": "eyJlMmJmYjczMC1lY2FhLTExZTYtOGY4OC0zNDM2M2JjN2M0YzAiOnsiY3JlYXRlIjozMDAwMDAwMDAwMDAsImRlbGV0ZSI6MzAwMDAwMDAwMDAwLCJyZWFkIjozMDAwMDAwMDAwMDAsInVwZGF0ZSI6MzAwMDAwMDAwMDAwfX0=",
          "dependencies": [
            "module.function_storage.google_storage_bucket_object.functions",
            "module.pubsub.google_pubsub_topic.topics"
          ]
        },
        {
          "index_key": "yarbrough_and_sons_customer_information_extraction",
          "schema_version": 0,
          "attributes": {
            "available_memory_mb": 512,
            "build_environment_variables": null,
            "build_service_account": "",
            "build_worker_pool": "",
            "description": "",
            "docker_registry": "ARTIFACT_REGISTRY",
            "docker_repository": "",
            "effective_labels": {},
            "entry_point": "transform",
            "environment_variables": {
              "TENANT_IDS": "469367432"
            },
            "event_trigger": [
              {
                "event_type": "google.pubsub.topic.publish",
                "failure_policy": [
                  {
                    "retry": false
                  }
                ],
                "resource": "projects/autobot-v1-356820/topics/yarbrough_and_sons_customer_information_extraction"
              }
            ],
            "https_trigger_security_level": null,
            "https_trigger_url": null,
            "id": "projects/autobot-v1-356820/locations/us-central1/functions/yarbrough_and_sons_customer_information_extraction",
            "ingress_settings": "ALLOW_ALL",
            "kms_key_name": "",
            "labels": {},
            "max_instances": 3000,
            "min_instances": 0,
            "name": "yarbrough_and_sons_customer_information_extraction",
            "project": "autobot-v1-356820",
            "region": "us-central1",
            "runtime": "python311",
            "secret_environment_variables": [],
            "secret_volumes": [],
            "service_account_email": "autobot-v1-356820@appspot.gserviceaccount.com",
            "source_archive_bucket": "autobot_scheduler_cloud_function",
            "source_archive_object": "yarbrough_and_sons_customer_information_extraction.zip",
            "source_repository": [],
            "status": "ACTIVE",
            "terraform_labels": {},
            "timeout": 60,
            "timeouts": null,
            "trigger_http": null,
            "version_id": "1",
            "vpc_connector": "",
            "vpc_connector_egress_settings": ""
          },
          "sensitive_attributes": [],
          "private": "eyJlMmJmYjczMC1lY2FhLTExZTYtOGY4OC0zNDM2M2JjN2M0YzAiOnsiY3JlYXRlIjozMDAwMDAwMDAwMDAsImRlbGV0ZSI6MzAwMDAwMDAwMDAwLCJyZWFkIjozMDAwMDAwMDAwMDAsInVwZGF0ZSI6MzAwMDAwMDAwMDAwfX0=",
          "dependencies": [
            "module.function_storage.google_storage_bucket_object.functions",
            "module.pubsub.google_pubsub_topic.topics"
          ]
        },
        {
          "index_key": "yarbrough_and_sons_job_type_extraction",
          "schema_version": 0,
          "attributes": {
            "available_memory_mb": 512,
            "build_environment_variables": null,
            "build_service_account": "",
            "build_worker_pool": "",
            "description": "",
            "docker_registry": "ARTIFACT_REGISTRY",
            "docker_repository": "",
            "effective_labels": {},
            "entry_point": "extract_job_types",
            "environment_variables": {
              "TENANT_IDS": "469367432"
            },
            "event_trigger": [
              {
                "event_type": "google.pubsub.topic.publish",
                "failure_policy": [
                  {
                    "retry": false
                  }
                ],
                "resource": "projects/autobot-v1-356820/topics/yarbrough_and_sons_job_type_extraction"
              }
            ],
            "https_trigger_security_level": null,
            "https_trigger_url": null,
            "id": "projects/autobot-v1-356820/locations/us-central1/functions/yarbrough_and_sons_job_type_extraction",
            "ingress_settings": "ALLOW_ALL",
            "kms_key_name": "",
            "labels": {},
            "max_instances": 3000,
            "min_instances": 0,
            "name": "yarbrough_and_sons_job_type_extraction",
            "project": "autobot-v1-356820",
            "region": "us-central1",
            "runtime": "python311",
            "secret_environment_variables": [],
            "secret_volumes": [],
            "service_account_email": "autobot-v1-356820@appspot.gserviceaccount.com",
            "source_archive_bucket": "autobot_scheduler_cloud_function",
            "source_archive_object": "yarbrough_and_sons_job_type_extraction.zip",
            "source_repository": [],
            "status": "ACTIVE",
            "terraform_labels": {},
            "timeout": 60,
            "timeouts": null,
            "trigger_http": null,
            "version_id": "1",
            "vpc_connector": "",
            "vpc_connector_egress_settings": ""
          },
          "sensitive_attributes": [],
          "private": "eyJlMmJmYjczMC1lY2FhLTExZTYtOGY4OC0zNDM2M2JjN2M0YzAiOnsiY3JlYXRlIjozMDAwMDAwMDAwMDAsImRlbGV0ZSI6MzAwMDAwMDAwMDAwLCJyZWFkIjozMDAwMDAwMDAwMDAsInVwZGF0ZSI6MzAwMDAwMDAwMDAwfX0=",
          "dependencies": [
            "module.function_storage.google_storage_bucket_object.functions",
            "module.pubsub.google_pubsub_topic.topics"
          ]
        },
        {
          "index_key": "yarbrough_and_sons_location_extraction",
          "schema_version": 0,
          "attributes": {
            "available_memory_mb": 512,
            "build_environment_variables": null,
            "build_service_account": "",
            "build_worker_pool": "",
            "description": "",
            "docker_registry": "ARTIFACT_REGISTRY",
            "docker_repository": "",
            "effective_labels": {},
            "entry_point": "extract_locations",
            "environment_variables": {
              "TENANT_IDS": "469367432"
            },
            "event_trigger": [
              {
                "event_type": "google.pubsub.topic.publish",
                "failure_policy": [
                  {
                    "retry": false
                  }
                ],
                "resource": "projects/autobot-v1-356820/topics/yarbrough_and_sons_location_extraction"
              }
            ],
            "https_trigger_security_level": null,
            "https_trigger_url": null,
            "id": "projects/autobot-v1-356820/locations/us-central1/functions/yarbrough_and_sons_location_extraction",
            "ingress_settings": "ALLOW_ALL",
            "kms_key_name": "",
            "labels": {},
            "max_instances": 3000,
            "min_instances": 0,
            "name": "yarbrough_and_sons_location_extraction",
            "project": "autobot-v1-356820",
            "region": "us-central1",
            "runtime": "python311",
            "secret_environment_variables": [],
            "secret_volumes": [],
            "service_account_email": "autobot-v1-356820@appspot.gserviceaccount.com",
            "source_archive_bucket": "autobot_scheduler_cloud_function",
            "source_archive_object": "yarbrough_and_sons_location_extraction.zip",
            "source_repository": [],
            "status": "ACTIVE",
            "terraform_labels": {},
            "timeout": 60,
            "timeouts": null,
            "trigger_http": null,
            "version_id": "1",
            "vpc_connector": "",
            "vpc_connector_egress_settings": ""
          },
          "sensitive_attributes": [],
          "private": "eyJlMmJmYjczMC1lY2FhLTExZTYtOGY4OC0zNDM2M2JjN2M0YzAiOnsiY3JlYXRlIjozMDAwMDAwMDAwMDAsImRlbGV0ZSI6MzAwMDAwMDAwMDAwLCJyZWFkIjozMDAwMDAwMDAwMDAsInVwZGF0ZSI6MzAwMDAwMDAwMDAwfX0=",
          "dependencies": [
            "module.function_storage.google_storage_bucket_object.functions",
            "module.pubsub.google_pubsub_topic.topics"
          ]
        },
        {
          "index_key": "yarbrough_and_sons_membership_extraction",
          "schema_version": 0,
          "attributes": {
            "available_memory_mb": 512,
            "build_environment_variables": null,
            "build_service_account": "",
            "build_worker_pool": "",
            "description": "",
            "docker_registry": "ARTIFACT_REGISTRY",
            "docker_repository": "",
            "effective_labels": {},
            "entry_point": "extract_memberships",
            "environment_variables": {
              "TENANT_IDS": "469367432"
            },
            "event_trigger": [
              {
                "event_type": "google.pubsub.topic.publish",
                "failure_policy": [
                  {
                    "retry": false
                  }
                ],
                "resource": "projects/autobot-v1-356820/topics/yarbrough_and_sons_membership_extraction"
              }
            ],
            "https_trigger_security_level": null,
            "https_trigger_url": null,
            "id": "projects/autobot-v1-356820/locations/us-central1/functions/yarbrough_and_sons_membership_extraction",
            "ingress_settings": "ALLOW_ALL",
            "kms_key_name": "",
            "labels": {},
            "max_instances": 3000,
            "min_instances": 0,
            "name": "yarbrough_and_sons_membership_extraction",
            "project": "autobot-v1-356820",
            "region": "us-central1",
            "runtime": "python311",
            "secret_environment_variables": [],
            "secret_volumes": [],
            "service_account_email": "autobot-v1-356820@appspot.gserviceaccount.com",
            "source_archive_bucket": "autobot_scheduler_cloud_function",
            "source_archive_object": "yarbrough_and_sons_membership_extraction.zip",
            "source_repository": [],
            "status": "ACTIVE",
            "terraform_labels": {},
            "timeout": 60,
            "timeouts": null,
            "trigger_http": null,
            "version_id": "1",
            "vpc_connector": "",
            "vpc_connector_egress_settings": ""
          },
          "sensitive_attributes": [],
          "private": "eyJlMmJmYjczMC1lY2FhLTExZTYtOGY4OC0zNDM2M2JjN2M0YzAiOnsiY3JlYXRlIjozMDAwMDAwMDAwMDAsImRlbGV0ZSI6MzAwMDAwMDAwMDAwLCJyZWFkIjozMDAwMDAwMDAwMDAsInVwZGF0ZSI6MzAwMDAwMDAwMDAwfX0=",
          "dependencies": [
            "module.function_storage.google_storage_bucket_object.functions",
            "module.pubsub.google_pubsub_topic.topics"
          ]
        },
        {
          "index_key": "yarbrough_and_sons_membership_types_extraction",
          "schema_version": 0,
          "attributes": {
            "available_memory_mb": 512,
            "build_environment_variables": null,
            "build_service_account": "",
            "build_worker_pool": "",
            "description": "",
            "docker_registry": "ARTIFACT_REGISTRY",
            "docker_repository": "",
            "effective_labels": {},
            "entry_point": "extract_membership_types",
            "environment_variables": {
              "TENANT_IDS": "469367432"
            },
            "event_trigger": [
              {
                "event_type": "google.pubsub.topic.publish",
                "failure_policy": [
                  {
                    "retry": false
                  }
                ],
                "resource": "projects/autobot-v1-356820/topics/yarbrough_and_sons_membership_types_extraction"
              }
            ],
            "https_trigger_security_level": null,
            "https_trigger_url": null,
            "id": "projects/autobot-v1-356820/locations/us-central1/functions/yarbrough_and_sons_membership_types_extraction",
            "ingress_settings": "ALLOW_ALL",
            "kms_key_name": "",
            "labels": {},
            "max_instances": 3000,
            "min_instances": 0,
            "name": "yarbrough_and_sons_membership_types_extraction",
            "project": "autobot-v1-356820",
            "region": "us-central1",
            "runtime": "python311",
            "secret_environment_variables": [],
            "secret_volumes": [],
            "service_account_email": "autobot-v1-356820@appspot.gserviceaccount.com",
            "source_archive_bucket": "autobot_scheduler_cloud_function",
            "source_archive_object": "yarbrough_and_sons_membership_types_extraction.zip",
            "source_repository": [],
            "status": "ACTIVE",
            "terraform_labels": {},
            "timeout": 60,
            "timeouts": null,
            "trigger_http": null,
            "version_id": "1",
            "vpc_connector": "",
            "vpc_connector_egress_settings": ""
          },
          "sensitive_attributes": [],
          "private": "eyJlMmJmYjczMC1lY2FhLTExZTYtOGY4OC0zNDM2M2JjN2M0YzAiOnsiY3JlYXRlIjozMDAwMDAwMDAwMDAsImRlbGV0ZSI6MzAwMDAwMDAwMDAwLCJyZWFkIjozMDAwMDAwMDAwMDAsInVwZGF0ZSI6MzAwMDAwMDAwMDAwfX0=",
          "dependencies": [
            "module.function_storage.google_storage_bucket_object.functions",
            "module.pubsub.google_pubsub_topic.topics"
          ]
        },
        {
          "index_key": "yarbrough_and_sons_technician_extraction",
          "schema_version": 0,
          "attributes": {
            "available_memory_mb": 512,
            "build_environment_variables": null,
            "build_service_account": "",
            "build_worker_pool": "",
            "description": "",
            "docker_registry": "ARTIFACT_REGISTRY",
            "docker_repository": "",
            "effective_labels": {},
            "entry_point": "extract_technician",
            "environment_variables": {
              "TENANT_IDS": "469367432"
            },
            "event_trigger": [
              {
                "event_type": "google.pubsub.topic.publish",
                "failure_policy": [
                  {
                    "retry": false
                  }
                ],
                "resource": "projects/autobot-v1-356820/topics/yarbrough_and_sons_technician_extraction"
              }
            ],
            "https_trigger_security_level": null,
            "https_trigger_url": null,
            "id": "projects/autobot-v1-356820/locations/us-central1/functions/yarbrough_and_sons_technician_extraction",
            "ingress_settings": "ALLOW_ALL",
            "kms_key_name": "",
            "labels": {},
            "max_instances": 3000,
            "min_instances": 0,
            "name": "yarbrough_and_sons_technician_extraction",
            "project": "autobot-v1-356820",
            "region": "us-central1",
            "runtime": "python311",
            "secret_environment_variables": [],
            "secret_volumes": [],
            "service_account_email": "autobot-v1-356820@appspot.gserviceaccount.com",
            "source_archive_bucket": "autobot_scheduler_cloud_function",
            "source_archive_object": "yarbrough_and_sons_technician_extraction.zip",
            "source_repository": [],
            "status": "ACTIVE",
            "terraform_labels": {},
            "timeout": 60,
            "timeouts": null,
            "trigger_http": null,
            "version_id": "1",
            "vpc_connector": "",
            "vpc_connector_egress_settings": ""
          },
          "sensitive_attributes": [],
          "private": "eyJlMmJmYjczMC1lY2FhLTExZTYtOGY4OC0zNDM2M2JjN2M0YzAiOnsiY3JlYXRlIjozMDAwMDAwMDAwMDAsImRlbGV0ZSI6MzAwMDAwMDAwMDAwLCJyZWFkIjozMDAwMDAwMDAwMDAsInVwZGF0ZSI6MzAwMDAwMDAwMDAwfX0=",
          "dependencies": [
            "module.function_storage.google_storage_bucket_object.functions",
            "module.pubsub.google_pubsub_topic.topics"
          ]
        }
      ]
    },
    {
      "module": "module.cloud_scheduler",
      "mode": "managed",
      "type": "google_cloud_scheduler_job",
      "name": "schedulers",
      "provider": "provider[\"registry.terraform.io/hashicorp/google\"]",
      "instances": [
        {
          "index_key": "absolute_comfort_bu_extraction",
          "schema_version": 0,
          "attributes": {
            "app_engine_http_target": [],
            "attempt_deadline": "",
            "description": "Business Unit Extraction",
            "http_target": [],
            "id": "projects/autobot-v1-356820/locations/us-central1/jobs/absolute_comfort_bu_extraction",
            "name": "absolute_comfort_bu_extraction",
            "paused": false,
            "project": "autobot-v1-356820",
            "pubsub_target": [
              {
                "attributes": null,
                "data": "eyJ0ZW5hbnRfaWQiOiI1NjM0Mzk5NDAifQ==",
                "topic_name": "projects/autobot-v1-356820/topics/absolute_comfort_bu_extraction"
              }
            ],
            "region": "us-central1",
            "retry_config": [],
            "schedule": "0 0 1 * *",
            "state": "ENABLED",
            "time_zone": "America/New_York",
            "timeouts": null
          },
          "sensitive_attributes": [],
          "private": "eyJlMmJmYjczMC1lY2FhLTExZTYtOGY4OC0zNDM2M2JjN2M0YzAiOnsiY3JlYXRlIjoxMjAwMDAwMDAwMDAwLCJkZWxldGUiOjEyMDAwMDAwMDAwMDAsInVwZGF0ZSI6MTIwMDAwMDAwMDAwMH19",
          "dependencies": [
            "module.cloud_functions.google_cloudfunctions_function.functions",
            "module.function_storage.google_storage_bucket_object.functions",
            "module.pubsub.google_pubsub_topic.topics"
          ]
        },
        {
          "index_key": "absolute_comfort_campaign_extraction",
          "schema_version": 0,
          "attributes": {
            "app_engine_http_target": [],
            "attempt_deadline": "",
            "description": "Campaign Extraction",
            "http_target": [],
            "id": "projects/autobot-v1-356820/locations/us-central1/jobs/absolute_comfort_campaign_extraction",
            "name": "absolute_comfort_campaign_extraction",
            "paused": false,
            "project": "autobot-v1-356820",
            "pubsub_target": [
              {
                "attributes": null,
                "data": "eyJ0ZW5hbnRfaWQiOiI1NjM0Mzk5NDAifQ==",
                "topic_name": "projects/autobot-v1-356820/topics/absolute_comfort_campaign_extraction"
              }
            ],
            "region": "us-central1",
            "retry_config": [],
            "schedule": "*/2 * * * *",
            "state": "ENABLED",
            "time_zone": "America/New_York",
            "timeouts": null
          },
          "sensitive_attributes": [],
          "private": "eyJlMmJmYjczMC1lY2FhLTExZTYtOGY4OC0zNDM2M2JjN2M0YzAiOnsiY3JlYXRlIjoxMjAwMDAwMDAwMDAwLCJkZWxldGUiOjEyMDAwMDAwMDAwMDAsInVwZGF0ZSI6MTIwMDAwMDAwMDAwMH19",
          "dependencies": [
            "module.cloud_functions.google_cloudfunctions_function.functions",
            "module.function_storage.google_storage_bucket_object.functions",
            "module.pubsub.google_pubsub_topic.topics"
          ]
        },
        {
          "index_key": "absolute_comfort_customer_contact_extraction",
          "schema_version": 0,
          "attributes": {
            "app_engine_http_target": [],
            "attempt_deadline": "",
            "description": "Customer Contact Extraction",
            "http_target": [],
            "id": "projects/autobot-v1-356820/locations/us-central1/jobs/absolute_comfort_customer_contact_extraction",
            "name": "absolute_comfort_customer_contact_extraction",
            "paused": false,
            "project": "autobot-v1-356820",
            "pubsub_target": [
              {
                "attributes": null,
                "data": "eyJ0ZW5hbnRfaWQiOiI1NjM0Mzk5NDAifQ==",
                "topic_name": "projects/autobot-v1-356820/topics/absolute_comfort_customer_contact_extraction"
              }
            ],
            "region": "us-central1",
            "retry_config": [],
            "schedule": "*/4 * * * *",
            "state": "ENABLED",
            "time_zone": "America/New_York",
            "timeouts": null
          },
          "sensitive_attributes": [],
          "private": "eyJlMmJmYjczMC1lY2FhLTExZTYtOGY4OC0zNDM2M2JjN2M0YzAiOnsiY3JlYXRlIjoxMjAwMDAwMDAwMDAwLCJkZWxldGUiOjEyMDAwMDAwMDAwMDAsInVwZGF0ZSI6MTIwMDAwMDAwMDAwMH19",
          "dependencies": [
            "module.cloud_functions.google_cloudfunctions_function.functions",
            "module.function_storage.google_storage_bucket_object.functions",
            "module.pubsub.google_pubsub_topic.topics"
          ]
        },
        {
          "index_key": "absolute_comfort_customer_extraction",
          "schema_version": 0,
          "attributes": {
            "app_engine_http_target": [],
            "attempt_deadline": "",
            "description": "Customer Extraction",
            "http_target": [],
            "id": "projects/autobot-v1-356820/locations/us-central1/jobs/absolute_comfort_customer_extraction",
            "name": "absolute_comfort_customer_extraction",
            "paused": false,
            "project": "autobot-v1-356820",
            "pubsub_target": [
              {
                "attributes": null,
                "data": "eyJ0ZW5hbnRfaWQiOiI1NjM0Mzk5NDAifQ==",
                "topic_name": "projects/autobot-v1-356820/topics/absolute_comfort_customer_extraction"
              }
            ],
            "region": "us-central1",
            "retry_config": [],
            "schedule": "*/3 * * * *",
            "state": "ENABLED",
            "time_zone": "America/New_York",
            "timeouts": null
          },
          "sensitive_attributes": [],
          "private": "eyJlMmJmYjczMC1lY2FhLTExZTYtOGY4OC0zNDM2M2JjN2M0YzAiOnsiY3JlYXRlIjoxMjAwMDAwMDAwMDAwLCJkZWxldGUiOjEyMDAwMDAwMDAwMDAsInVwZGF0ZSI6MTIwMDAwMDAwMDAwMH19",
          "dependencies": [
            "module.cloud_functions.google_cloudfunctions_function.functions",
            "module.function_storage.google_storage_bucket_object.functions",
            "module.pubsub.google_pubsub_topic.topics"
          ]
        },
        {
          "index_key": "absolute_comfort_customer_information_extraction",
          "schema_version": 0,
          "attributes": {
            "app_engine_http_target": [],
            "attempt_deadline": "",
            "description": "Customer Information Extraction",
            "http_target": [],
            "id": "projects/autobot-v1-356820/locations/us-central1/jobs/absolute_comfort_customer_information_extraction",
            "name": "absolute_comfort_customer_information_extraction",
            "paused": false,
            "project": "autobot-v1-356820",
            "pubsub_target": [
              {
                "attributes": null,
                "data": "eyJ0ZW5hbnRfaWQiOiI1NjM0Mzk5NDAifQ==",
                "topic_name": "projects/autobot-v1-356820/topics/absolute_comfort_customer_information_extraction"
              }
            ],
            "region": "us-central1",
            "retry_config": [],
            "schedule": "*/6 * * * *",
            "state": "ENABLED",
            "time_zone": "America/New_York",
            "timeouts": null
          },
          "sensitive_attributes": [],
          "private": "eyJlMmJmYjczMC1lY2FhLTExZTYtOGY4OC0zNDM2M2JjN2M0YzAiOnsiY3JlYXRlIjoxMjAwMDAwMDAwMDAwLCJkZWxldGUiOjEyMDAwMDAwMDAwMDAsInVwZGF0ZSI6MTIwMDAwMDAwMDAwMH19",
          "dependencies": [
            "module.cloud_functions.google_cloudfunctions_function.functions",
            "module.function_storage.google_storage_bucket_object.functions",
            "module.pubsub.google_pubsub_topic.topics"
          ]
        },
        {
          "index_key": "absolute_comfort_job_type_extraction",
          "schema_version": 0,
          "attributes": {
            "app_engine_http_target": [],
            "attempt_deadline": "",
            "description": "Job Type Extraction",
            "http_target": [],
            "id": "projects/autobot-v1-356820/locations/us-central1/jobs/absolute_comfort_job_type_extraction",
            "name": "absolute_comfort_job_type_extraction",
            "paused": false,
            "project": "autobot-v1-356820",
            "pubsub_target": [
              {
                "attributes": null,
                "data": "eyJ0ZW5hbnRfaWQiOiI1NjM0Mzk5NDAifQ==",
                "topic_name": "projects/autobot-v1-356820/topics/absolute_comfort_job_type_extraction"
              }
            ],
            "region": "us-central1",
            "retry_config": [],
            "schedule": "0 0 1 * *",
            "state": "ENABLED",
            "time_zone": "America/New_York",
            "timeouts": null
          },
          "sensitive_attributes": [],
          "private": "eyJlMmJmYjczMC1lY2FhLTExZTYtOGY4OC0zNDM2M2JjN2M0YzAiOnsiY3JlYXRlIjoxMjAwMDAwMDAwMDAwLCJkZWxldGUiOjEyMDAwMDAwMDAwMDAsInVwZGF0ZSI6MTIwMDAwMDAwMDAwMH19",
          "dependencies": [
            "module.cloud_functions.google_cloudfunctions_function.functions",
            "module.function_storage.google_storage_bucket_object.functions",
            "module.pubsub.google_pubsub_topic.topics"
          ]
        },
        {
          "index_key": "absolute_comfort_location_extraction",
          "schema_version": 0,
          "attributes": {
            "app_engine_http_target": [],
            "attempt_deadline": "",
            "description": "Location Extraction",
            "http_target": [],
            "id": "projects/autobot-v1-356820/locations/us-central1/jobs/absolute_comfort_location_extraction",
            "name": "absolute_comfort_location_extraction",
            "paused": false,
            "project": "autobot-v1-356820",
            "pubsub_target": [
              {
                "attributes": null,
                "data": "eyJ0ZW5hbnRfaWQiOiI1NjM0Mzk5NDAifQ==",
                "topic_name": "projects/autobot-v1-356820/topics/absolute_comfort_location_extraction"
              }
            ],
            "region": "us-central1",
            "retry_config": [],
            "schedule": "*/2 * * * *",
            "state": "ENABLED",
            "time_zone": "America/New_York",
            "timeouts": null
          },
          "sensitive_attributes": [],
          "private": "eyJlMmJmYjczMC1lY2FhLTExZTYtOGY4OC0zNDM2M2JjN2M0YzAiOnsiY3JlYXRlIjoxMjAwMDAwMDAwMDAwLCJkZWxldGUiOjEyMDAwMDAwMDAwMDAsInVwZGF0ZSI6MTIwMDAwMDAwMDAwMH19",
          "dependencies": [
            "module.cloud_functions.google_cloudfunctions_function.functions",
            "module.function_storage.google_storage_bucket_object.functions",
            "module.pubsub.google_pubsub_topic.topics"
          ]
        },
        {
          "index_key": "absolute_comfort_membership_extraction",
          "schema_version": 0,
          "attributes": {
            "app_engine_http_target": [],
            "attempt_deadline": "",
            "description": "Membership Extraction",
            "http_target": [],
            "id": "projects/autobot-v1-356820/locations/us-central1/jobs/absolute_comfort_membership_extraction",
            "name": "absolute_comfort_membership_extraction",
            "paused": false,
            "project": "autobot-v1-356820",
            "pubsub_target": [
              {
                "attributes": null,
                "data": "eyJ0ZW5hbnRfaWQiOiI1NjM0Mzk5NDAifQ==",
                "topic_name": "projects/autobot-v1-356820/topics/absolute_comfort_membership_extraction"
              }
            ],
            "region": "us-central1",
            "retry_config": [],
            "schedule": "*/2 * * * *",
            "state": "ENABLED",
            "time_zone": "America/New_York",
            "timeouts": null
          },
          "sensitive_attributes": [],
          "private": "eyJlMmJmYjczMC1lY2FhLTExZTYtOGY4OC0zNDM2M2JjN2M0YzAiOnsiY3JlYXRlIjoxMjAwMDAwMDAwMDAwLCJkZWxldGUiOjEyMDAwMDAwMDAwMDAsInVwZGF0ZSI6MTIwMDAwMDAwMDAwMH19",
          "dependencies": [
            "module.cloud_functions.google_cloudfunctions_function.functions",
            "module.function_storage.google_storage_bucket_object.functions",
            "module.pubsub.google_pubsub_topic.topics"
          ]
        },
        {
          "index_key": "absolute_comfort_membership_types_extraction",
          "schema_version": 0,
          "attributes": {
            "app_engine_http_target": [],
            "attempt_deadline": "",
            "description": "Membership Types Extraction",
            "http_target": [],
            "id": "projects/autobot-v1-356820/locations/us-central1/jobs/absolute_comfort_membership_types_extraction",
            "name": "absolute_comfort_membership_types_extraction",
            "paused": false,
            "project": "autobot-v1-356820",
            "pubsub_target": [
              {
                "attributes": null,
                "data": "eyJ0ZW5hbnRfaWQiOiI1NjM0Mzk5NDAifQ==",
                "topic_name": "projects/autobot-v1-356820/topics/absolute_comfort_membership_types_extraction"
              }
            ],
            "region": "us-central1",
            "retry_config": [],
            "schedule": "0 0 * * 5",
            "state": "ENABLED",
            "time_zone": "America/New_York",
            "timeouts": null
          },
          "sensitive_attributes": [],
          "private": "eyJlMmJmYjczMC1lY2FhLTExZTYtOGY4OC0zNDM2M2JjN2M0YzAiOnsiY3JlYXRlIjoxMjAwMDAwMDAwMDAwLCJkZWxldGUiOjEyMDAwMDAwMDAwMDAsInVwZGF0ZSI6MTIwMDAwMDAwMDAwMH19",
          "dependencies": [
            "module.cloud_functions.google_cloudfunctions_function.functions",
            "module.function_storage.google_storage_bucket_object.functions",
            "module.pubsub.google_pubsub_topic.topics"
          ]
        },
        {
          "index_key": "absolute_comfort_technician_extraction",
          "schema_version": 0,
          "attributes": {
            "app_engine_http_target": [],
            "attempt_deadline": "",
            "description": "Technician Extraction",
            "http_target": [],
            "id": "projects/autobot-v1-356820/locations/us-central1/jobs/absolute_comfort_technician_extraction",
            "name": "absolute_comfort_technician_extraction",
            "paused": false,
            "project": "autobot-v1-356820",
            "pubsub_target": [
              {
                "attributes": null,
                "data": "eyJ0ZW5hbnRfaWQiOiI1NjM0Mzk5NDAifQ==",
                "topic_name": "projects/autobot-v1-356820/topics/absolute_comfort_technician_extraction"
              }
            ],
            "region": "us-central1",
            "retry_config": [],
            "schedule": "0 0 1 * *",
            "state": "ENABLED",
            "time_zone": "America/New_York",
            "timeouts": null
          },
          "sensitive_attributes": [],
          "private": "eyJlMmJmYjczMC1lY2FhLTExZTYtOGY4OC0zNDM2M2JjN2M0YzAiOnsiY3JlYXRlIjoxMjAwMDAwMDAwMDAwLCJkZWxldGUiOjEyMDAwMDAwMDAwMDAsInVwZGF0ZSI6MTIwMDAwMDAwMDAwMH19",
          "dependencies": [
            "module.cloud_functions.google_cloudfunctions_function.functions",
            "module.function_storage.google_storage_bucket_object.functions",
            "module.pubsub.google_pubsub_topic.topics"
          ]
        },
        {
          "index_key": "yarbrough_and_sons_bu_extraction",
          "schema_version": 0,
          "attributes": {
            "app_engine_http_target": [],
            "attempt_deadline": "",
            "description": "Business Unit Extraction",
            "http_target": [],
            "id": "projects/autobot-v1-356820/locations/us-central1/jobs/yarbrough_and_sons_bu_extraction",
            "name": "yarbrough_and_sons_bu_extraction",
            "paused": false,
            "project": "autobot-v1-356820",
            "pubsub_target": [
              {
                "attributes": null,
                "data": "eyJ0ZW5hbnRfaWQiOiI0NjkzNjc0MzIifQ==",
                "topic_name": "projects/autobot-v1-356820/topics/yarbrough_and_sons_bu_extraction"
              }
            ],
            "region": "us-central1",
            "retry_config": [],
            "schedule": "0 0 1 * *",
            "state": "ENABLED",
            "time_zone": "America/Chicago",
            "timeouts": null
          },
          "sensitive_attributes": [],
          "private": "eyJlMmJmYjczMC1lY2FhLTExZTYtOGY4OC0zNDM2M2JjN2M0YzAiOnsiY3JlYXRlIjoxMjAwMDAwMDAwMDAwLCJkZWxldGUiOjEyMDAwMDAwMDAwMDAsInVwZGF0ZSI6MTIwMDAwMDAwMDAwMH19",
          "dependencies": [
            "module.cloud_functions.google_cloudfunctions_function.functions",
            "module.function_storage.google_storage_bucket_object.functions",
            "module.pubsub.google_pubsub_topic.topics"
          ]
        },
        {
          "index_key": "yarbrough_and_sons_campaign_extraction",
          "schema_version": 0,
          "attributes": {
            "app_engine_http_target": [],
            "attempt_deadline": "",
            "description": "Campaign Extraction",
            "http_target": [],
            "id": "projects/autobot-v1-356820/locations/us-central1/jobs/yarbrough_and_sons_campaign_extraction",
            "name": "yarbrough_and_sons_campaign_extraction",
            "paused": false,
            "project": "autobot-v1-356820",
            "pubsub_target": [
              {
                "attributes": null,
                "data": "eyJ0ZW5hbnRfaWQiOiI0NjkzNjc0MzIifQ==",
                "topic_name": "projects/autobot-v1-356820/topics/yarbrough_and_sons_campaign_extraction"
              }
            ],
            "region": "us-central1",
            "retry_config": [],
            "schedule": "*/2 * * * *",
            "state": "ENABLED",
            "time_zone": "America/Chicago",
            "timeouts": null
          },
          "sensitive_attributes": [],
          "private": "eyJlMmJmYjczMC1lY2FhLTExZTYtOGY4OC0zNDM2M2JjN2M0YzAiOnsiY3JlYXRlIjoxMjAwMDAwMDAwMDAwLCJkZWxldGUiOjEyMDAwMDAwMDAwMDAsInVwZGF0ZSI6MTIwMDAwMDAwMDAwMH19",
          "dependencies": [
            "module.cloud_functions.google_cloudfunctions_function.functions",
            "module.function_storage.google_storage_bucket_object.functions",
            "module.pubsub.google_pubsub_topic.topics"
          ]
        },
        {
          "index_key": "yarbrough_and_sons_customer_contact_extraction",
          "schema_version": 0,
          "attributes": {
            "app_engine_http_target": [],
            "attempt_deadline": "",
            "description": "Customer Contact Extraction",
            "http_target": [],
            "id": "projects/autobot-v1-356820/locations/us-central1/jobs/yarbrough_and_sons_customer_contact_extraction",
            "name": "yarbrough_and_sons_customer_contact_extraction",
            "paused": false,
            "project": "autobot-v1-356820",
            "pubsub_target": [
              {
                "attributes": null,
                "data": "eyJ0ZW5hbnRfaWQiOiI0NjkzNjc0MzIifQ==",
                "topic_name": "projects/autobot-v1-356820/topics/yarbrough_and_sons_customer_contact_extraction"
              }
            ],
            "region": "us-central1",
            "retry_config": [],
            "schedule": "*/4 * * * *",
            "state": "ENABLED",
            "time_zone": "America/Chicago",
            "timeouts": null
          },
          "sensitive_attributes": [],
          "private": "eyJlMmJmYjczMC1lY2FhLTExZTYtOGY4OC0zNDM2M2JjN2M0YzAiOnsiY3JlYXRlIjoxMjAwMDAwMDAwMDAwLCJkZWxldGUiOjEyMDAwMDAwMDAwMDAsInVwZGF0ZSI6MTIwMDAwMDAwMDAwMH19",
          "dependencies": [
            "module.cloud_functions.google_cloudfunctions_function.functions",
            "module.function_storage.google_storage_bucket_object.functions",
            "module.pubsub.google_pubsub_topic.topics"
          ]
        },
        {
          "index_key": "yarbrough_and_sons_customer_extraction",
          "schema_version": 0,
          "attributes": {
            "app_engine_http_target": [],
            "attempt_deadline": "",
            "description": "Customer Extraction",
            "http_target": [],
            "id": "projects/autobot-v1-356820/locations/us-central1/jobs/yarbrough_and_sons_customer_extraction",
            "name": "yarbrough_and_sons_customer_extraction",
            "paused": false,
            "project": "autobot-v1-356820",
            "pubsub_target": [
              {
                "attributes": null,
                "data": "eyJ0ZW5hbnRfaWQiOiI0NjkzNjc0MzIifQ==",
                "topic_name": "projects/autobot-v1-356820/topics/yarbrough_and_sons_customer_extraction"
              }
            ],
            "region": "us-central1",
            "retry_config": [],
            "schedule": "*/3 * * * *",
            "state": "ENABLED",
            "time_zone": "America/Chicago",
            "timeouts": null
          },
          "sensitive_attributes": [],
          "private": "eyJlMmJmYjczMC1lY2FhLTExZTYtOGY4OC0zNDM2M2JjN2M0YzAiOnsiY3JlYXRlIjoxMjAwMDAwMDAwMDAwLCJkZWxldGUiOjEyMDAwMDAwMDAwMDAsInVwZGF0ZSI6MTIwMDAwMDAwMDAwMH19",
          "dependencies": [
            "module.cloud_functions.google_cloudfunctions_function.functions",
            "module.function_storage.google_storage_bucket_object.functions",
            "module.pubsub.google_pubsub_topic.topics"
          ]
        },
        {
          "index_key": "yarbrough_and_sons_customer_information_extraction",
          "schema_version": 0,
          "attributes": {
            "app_engine_http_target": [],
            "attempt_deadline": "",
            "description": "Customer Information Extraction",
            "http_target": [],
            "id": "projects/autobot-v1-356820/locations/us-central1/jobs/yarbrough_and_sons_customer_information_extraction",
            "name": "yarbrough_and_sons_customer_information_extraction",
            "paused": false,
            "project": "autobot-v1-356820",
            "pubsub_target": [
              {
                "attributes": null,
                "data": "eyJ0ZW5hbnRfaWQiOiI0NjkzNjc0MzIifQ==",
                "topic_name": "projects/autobot-v1-356820/topics/yarbrough_and_sons_customer_information_extraction"
              }
            ],
            "region": "us-central1",
            "retry_config": [],
            "schedule": "*/6 * * * *",
            "state": "ENABLED",
            "time_zone": "America/Chicago",
            "timeouts": null
          },
          "sensitive_attributes": [],
          "private": "eyJlMmJmYjczMC1lY2FhLTExZTYtOGY4OC0zNDM2M2JjN2M0YzAiOnsiY3JlYXRlIjoxMjAwMDAwMDAwMDAwLCJkZWxldGUiOjEyMDAwMDAwMDAwMDAsInVwZGF0ZSI6MTIwMDAwMDAwMDAwMH19",
          "dependencies": [
            "module.cloud_functions.google_cloudfunctions_function.functions",
            "module.function_storage.google_storage_bucket_object.functions",
            "module.pubsub.google_pubsub_topic.topics"
          ]
        },
        {
          "index_key": "yarbrough_and_sons_job_type_extraction",
          "schema_version": 0,
          "attributes": {
            "app_engine_http_target": [],
            "attempt_deadline": "",
            "description": "Job Type Extraction",
            "http_target": [],
            "id": "projects/autobot-v1-356820/locations/us-central1/jobs/yarbrough_and_sons_job_type_extraction",
            "name": "yarbrough_and_sons_job_type_extraction",
            "paused": false,
            "project": "autobot-v1-356820",
            "pubsub_target": [
              {
                "attributes": null,
                "data": "eyJ0ZW5hbnRfaWQiOiI0NjkzNjc0MzIifQ==",
                "topic_name": "projects/autobot-v1-356820/topics/yarbrough_and_sons_job_type_extraction"
              }
            ],
            "region": "us-central1",
            "retry_config": [],
            "schedule": "0 0 1 * *",
            "state": "ENABLED",
            "time_zone": "America/Chicago",
            "timeouts": null
          },
          "sensitive_attributes": [],
          "private": "eyJlMmJmYjczMC1lY2FhLTExZTYtOGY4OC0zNDM2M2JjN2M0YzAiOnsiY3JlYXRlIjoxMjAwMDAwMDAwMDAwLCJkZWxldGUiOjEyMDAwMDAwMDAwMDAsInVwZGF0ZSI6MTIwMDAwMDAwMDAwMH19",
          "dependencies": [
            "module.cloud_functions.google_cloudfunctions_function.functions",
            "module.function_storage.google_storage_bucket_object.functions",
            "module.pubsub.google_pubsub_topic.topics"
          ]
        },
        {
          "index_key": "yarbrough_and_sons_location_extraction",
          "schema_version": 0,
          "attributes": {
            "app_engine_http_target": [],
            "attempt_deadline": "",
            "description": "Location Extraction",
            "http_target": [],
            "id": "projects/autobot-v1-356820/locations/us-central1/jobs/yarbrough_and_sons_location_extraction",
            "name": "yarbrough_and_sons_location_extraction",
            "paused": false,
            "project": "autobot-v1-356820",
            "pubsub_target": [
              {
                "attributes": null,
                "data": "eyJ0ZW5hbnRfaWQiOiI0NjkzNjc0MzIifQ==",
                "topic_name": "projects/autobot-v1-356820/topics/yarbrough_and_sons_location_extraction"
              }
            ],
            "region": "us-central1",
            "retry_config": [],
            "schedule": "*/2 * * * *",
            "state": "ENABLED",
            "time_zone": "America/Chicago",
            "timeouts": null
          },
          "sensitive_attributes": [],
          "private": "eyJlMmJmYjczMC1lY2FhLTExZTYtOGY4OC0zNDM2M2JjN2M0YzAiOnsiY3JlYXRlIjoxMjAwMDAwMDAwMDAwLCJkZWxldGUiOjEyMDAwMDAwMDAwMDAsInVwZGF0ZSI6MTIwMDAwMDAwMDAwMH19",
          "dependencies": [
            "module.cloud_functions.google_cloudfunctions_function.functions",
            "module.function_storage.google_storage_bucket_object.functions",
            "module.pubsub.google_pubsub_topic.topics"
          ]
        },
        {
          "index_key": "yarbrough_and_sons_membership_extraction",
          "schema_version": 0,
          "attributes": {
            "app_engine_http_target": [],
            "attempt_deadline": "",
            "description": "Membership Extraction",
            "http_target": [],
            "id": "projects/autobot-v1-356820/locations/us-central1/jobs/yarbrough_and_sons_membership_extraction",
            "name": "yarbrough_and_sons_membership_extraction",
            "paused": false,
            "project": "autobot-v1-356820",
            "pubsub_target": [
              {
                "attributes": null,
                "data": "eyJ0ZW5hbnRfaWQiOiI0NjkzNjc0MzIifQ==",
                "topic_name": "projects/autobot-v1-356820/topics/yarbrough_and_sons_membership_extraction"
              }
            ],
            "region": "us-central1",
            "retry_config": [],
            "schedule": "*/2 * * * *",
            "state": "ENABLED",
            "time_zone": "America/Chicago",
            "timeouts": null
          },
          "sensitive_attributes": [],
          "private": "eyJlMmJmYjczMC1lY2FhLTExZTYtOGY4OC0zNDM2M2JjN2M0YzAiOnsiY3JlYXRlIjoxMjAwMDAwMDAwMDAwLCJkZWxldGUiOjEyMDAwMDAwMDAwMDAsInVwZGF0ZSI6MTIwMDAwMDAwMDAwMH19",
          "dependencies": [
            "module.cloud_functions.google_cloudfunctions_function.functions",
            "module.function_storage.google_storage_bucket_object.functions",
            "module.pubsub.google_pubsub_topic.topics"
          ]
        },
        {
          "index_key": "yarbrough_and_sons_membership_types_extraction",
          "schema_version": 0,
          "attributes": {
            "app_engine_http_target": [],
            "attempt_deadline": "",
            "description": "Membership Types Extraction",
            "http_target": [],
            "id": "projects/autobot-v1-356820/locations/us-central1/jobs/yarbrough_and_sons_membership_types_extraction",
            "name": "yarbrough_and_sons_membership_types_extraction",
            "paused": false,
            "project": "autobot-v1-356820",
            "pubsub_target": [
              {
                "attributes": null,
                "data": "eyJ0ZW5hbnRfaWQiOiI0NjkzNjc0MzIifQ==",
                "topic_name": "projects/autobot-v1-356820/topics/yarbrough_and_sons_membership_types_extraction"
              }
            ],
            "region": "us-central1",
            "retry_config": [],
            "schedule": "0 0 * * 5",
            "state": "ENABLED",
            "time_zone": "America/Chicago",
            "timeouts": null
          },
          "sensitive_attributes": [],
          "private": "eyJlMmJmYjczMC1lY2FhLTExZTYtOGY4OC0zNDM2M2JjN2M0YzAiOnsiY3JlYXRlIjoxMjAwMDAwMDAwMDAwLCJkZWxldGUiOjEyMDAwMDAwMDAwMDAsInVwZGF0ZSI6MTIwMDAwMDAwMDAwMH19",
          "dependencies": [
            "module.cloud_functions.google_cloudfunctions_function.functions",
            "module.function_storage.google_storage_bucket_object.functions",
            "module.pubsub.google_pubsub_topic.topics"
          ]
        },
        {
          "index_key": "yarbrough_and_sons_technician_extraction",
          "schema_version": 0,
          "attributes": {
            "app_engine_http_target": [],
            "attempt_deadline": "",
            "description": "Technician Extraction",
            "http_target": [],
            "id": "projects/autobot-v1-356820/locations/us-central1/jobs/yarbrough_and_sons_technician_extraction",
            "name": "yarbrough_and_sons_technician_extraction",
            "paused": false,
            "project": "autobot-v1-356820",
            "pubsub_target": [
              {
                "attributes": null,
                "data": "eyJ0ZW5hbnRfaWQiOiI0NjkzNjc0MzIifQ==",
                "topic_name": "projects/autobot-v1-356820/topics/yarbrough_and_sons_technician_extraction"
              }
            ],
            "region": "us-central1",
            "retry_config": [],
            "schedule": "0 0 1 * *",
            "state": "ENABLED",
            "time_zone": "America/Chicago",
            "timeouts": null
          },
          "sensitive_attributes": [],
          "private": "eyJlMmJmYjczMC1lY2FhLTExZTYtOGY4OC0zNDM2M2JjN2M0YzAiOnsiY3JlYXRlIjoxMjAwMDAwMDAwMDAwLCJkZWxldGUiOjEyMDAwMDAwMDAwMDAsInVwZGF0ZSI6MTIwMDAwMDAwMDAwMH19",
          "dependencies": [
            "module.cloud_functions.google_cloudfunctions_function.functions",
            "module.function_storage.google_storage_bucket_object.functions",
            "module.pubsub.google_pubsub_topic.topics"
          ]
        }
      ]
    },
    {
      "module": "module.function_storage",
      "mode": "managed",
      "type": "google_storage_bucket_object",
      "name": "functions",
      "provider": "provider[\"registry.terraform.io/hashicorp/google\"]",
      "instances": [
        {
          "index_key": "absolute_comfort_bu_extraction",
          "schema_version": 0,
          "attributes": {
            "bucket": "autobot_scheduler_cloud_function",
            "cache_control": "",
            "content": null,
            "content_disposition": "",
            "content_encoding": "",
            "content_language": "",
            "content_type": "application/zip",
            "crc32c": "dQ4CUg==",
            "customer_encryption": [],
            "detect_md5hash": "fWq2hJHEUl/zMuR2kUlA4A==",
            "event_based_hold": false,
            "generation": 1738094889867651,
            "id": "autobot_scheduler_cloud_function-absolute_comfort_bu_extraction.zip",
            "kms_key_name": "",
            "md5hash": "fWq2hJHEUl/zMuR2kUlA4A==",
            "media_link": "https://storage.googleapis.com/download/storage/v1/b/autobot_scheduler_cloud_function/o/absolute_comfort_bu_extraction.zip?generation=1738094889867651\u0026alt=media",
            "metadata": {
              "content_hash": "7d6ab68491c4525ff332e476914940e0"
            },
            "name": "absolute_comfort_bu_extraction.zip",
            "output_name": "absolute_comfort_bu_extraction.zip",
            "retention": [],
            "self_link": "https://www.googleapis.com/storage/v1/b/autobot_scheduler_cloud_function/o/absolute_comfort_bu_extraction.zip",
            "source": "./functions/bu_extraction.zip",
            "storage_class": "STANDARD",
            "temporary_hold": false,
            "timeouts": null
          },
          "sensitive_attributes": [
            [
              {
                "type": "get_attr",
                "value": "content"
              }
            ]
          ],
          "private": "eyJlMmJmYjczMC1lY2FhLTExZTYtOGY4OC0zNDM2M2JjN2M0YzAiOnsiY3JlYXRlIjoyNDAwMDAwMDAwMDAsImRlbGV0ZSI6MjQwMDAwMDAwMDAwLCJ1cGRhdGUiOjI0MDAwMDAwMDAwMH19"
        },
        {
          "index_key": "absolute_comfort_campaign_extraction",
          "schema_version": 0,
          "attributes": {
            "bucket": "autobot_scheduler_cloud_function",
            "cache_control": "",
            "content": null,
            "content_disposition": "",
            "content_encoding": "",
            "content_language": "",
            "content_type": "application/zip",
            "crc32c": "A8tPSw==",
            "customer_encryption": [],
            "detect_md5hash": "ybx9Ps40ZApORwXzjTNSbw==",
            "event_based_hold": false,
            "generation": 1738094889905064,
            "id": "autobot_scheduler_cloud_function-absolute_comfort_campaign_extraction.zip",
            "kms_key_name": "",
            "md5hash": "ybx9Ps40ZApORwXzjTNSbw==",
            "media_link": "https://storage.googleapis.com/download/storage/v1/b/autobot_scheduler_cloud_function/o/absolute_comfort_campaign_extraction.zip?generation=1738094889905064\u0026alt=media",
            "metadata": {
              "content_hash": "c9bc7d3ece34640a4e4705f38d33526f"
            },
            "name": "absolute_comfort_campaign_extraction.zip",
            "output_name": "absolute_comfort_campaign_extraction.zip",
            "retention": [],
            "self_link": "https://www.googleapis.com/storage/v1/b/autobot_scheduler_cloud_function/o/absolute_comfort_campaign_extraction.zip",
            "source": "./functions/campaign_extraction.zip",
            "storage_class": "STANDARD",
            "temporary_hold": false,
            "timeouts": null
          },
          "sensitive_attributes": [
            [
              {
                "type": "get_attr",
                "value": "content"
              }
            ]
          ],
          "private": "eyJlMmJmYjczMC1lY2FhLTExZTYtOGY4OC0zNDM2M2JjN2M0YzAiOnsiY3JlYXRlIjoyNDAwMDAwMDAwMDAsImRlbGV0ZSI6MjQwMDAwMDAwMDAwLCJ1cGRhdGUiOjI0MDAwMDAwMDAwMH19"
        },
        {
          "index_key": "absolute_comfort_customer_contact_extraction",
          "schema_version": 0,
          "attributes": {
            "bucket": "autobot_scheduler_cloud_function",
            "cache_control": "",
            "content": null,
            "content_disposition": "",
            "content_encoding": "",
            "content_language": "",
            "content_type": "application/zip",
            "crc32c": "Vggomg==",
            "customer_encryption": [],
            "detect_md5hash": "izh2IH7zbF98p4B2DByzLw==",
            "event_based_hold": false,
            "generation": 1738094890888380,
            "id": "autobot_scheduler_cloud_function-absolute_comfort_customer_contact_extraction.zip",
            "kms_key_name": "",
            "md5hash": "izh2IH7zbF98p4B2DByzLw==",
            "media_link": "https://storage.googleapis.com/download/storage/v1/b/autobot_scheduler_cloud_function/o/absolute_comfort_customer_contact_extraction.zip?generation=1738094890888380\u0026alt=media",
            "metadata": {
              "content_hash": "8b3876207ef36c5f7ca780760c1cb32f"
            },
            "name": "absolute_comfort_customer_contact_extraction.zip",
            "output_name": "absolute_comfort_customer_contact_extraction.zip",
            "retention": [],
            "self_link": "https://www.googleapis.com/storage/v1/b/autobot_scheduler_cloud_function/o/absolute_comfort_customer_contact_extraction.zip",
            "source": "./functions/customer_contact_extraction.zip",
            "storage_class": "STANDARD",
            "temporary_hold": false,
            "timeouts": null
          },
          "sensitive_attributes": [
            [
              {
                "type": "get_attr",
                "value": "content"
              }
            ]
          ],
          "private": "eyJlMmJmYjczMC1lY2FhLTExZTYtOGY4OC0zNDM2M2JjN2M0YzAiOnsiY3JlYXRlIjoyNDAwMDAwMDAwMDAsImRlbGV0ZSI6MjQwMDAwMDAwMDAwLCJ1cGRhdGUiOjI0MDAwMDAwMDAwMH19"
        },
        {
          "index_key": "absolute_comfort_customer_extraction",
          "schema_version": 0,
          "attributes": {
            "bucket": "autobot_scheduler_cloud_function",
            "cache_control": "",
            "content": null,
            "content_disposition": "",
            "content_encoding": "",
            "content_language": "",
            "content_type": "application/zip",
            "crc32c": "4sdNFg==",
            "customer_encryption": [],
            "detect_md5hash": "wbYPBTcwCyNJt9l09eC2Ng==",
            "event_based_hold": false,
            "generation": 1738094889877286,
            "id": "autobot_scheduler_cloud_function-absolute_comfort_customer_extraction.zip",
            "kms_key_name": "",
            "md5hash": "wbYPBTcwCyNJt9l09eC2Ng==",
            "media_link": "https://storage.googleapis.com/download/storage/v1/b/autobot_scheduler_cloud_function/o/absolute_comfort_customer_extraction.zip?generation=1738094889877286\u0026alt=media",
            "metadata": {
              "content_hash": "c1b60f0537300b2349b7d974f5e0b636"
            },
            "name": "absolute_comfort_customer_extraction.zip",
            "output_name": "absolute_comfort_customer_extraction.zip",
            "retention": [],
            "self_link": "https://www.googleapis.com/storage/v1/b/autobot_scheduler_cloud_function/o/absolute_comfort_customer_extraction.zip",
            "source": "./functions/customer_extraction.zip",
            "storage_class": "STANDARD",
            "temporary_hold": false,
            "timeouts": null
          },
          "sensitive_attributes": [
            [
              {
                "type": "get_attr",
                "value": "content"
              }
            ]
          ],
          "private": "eyJlMmJmYjczMC1lY2FhLTExZTYtOGY4OC0zNDM2M2JjN2M0YzAiOnsiY3JlYXRlIjoyNDAwMDAwMDAwMDAsImRlbGV0ZSI6MjQwMDAwMDAwMDAwLCJ1cGRhdGUiOjI0MDAwMDAwMDAwMH19"
        },
        {
          "index_key": "absolute_comfort_customer_information_extraction",
          "schema_version": 0,
          "attributes": {
            "bucket": "autobot_scheduler_cloud_function",
            "cache_control": "",
            "content": null,
            "content_disposition": "",
            "content_encoding": "",
            "content_language": "",
            "content_type": "application/zip",
            "crc32c": "oGYb5A==",
            "customer_encryption": [],
            "detect_md5hash": "I+EIlrt0YUg49ZqaCnzthA==",
            "event_based_hold": false,
            "generation": 1738094890858350,
            "id": "autobot_scheduler_cloud_function-absolute_comfort_customer_information_extraction.zip",
            "kms_key_name": "",
            "md5hash": "I+EIlrt0YUg49ZqaCnzthA==",
            "media_link": "https://storage.googleapis.com/download/storage/v1/b/autobot_scheduler_cloud_function/o/absolute_comfort_customer_information_extraction.zip?generation=1738094890858350\u0026alt=media",
            "metadata": {
              "content_hash": "23e10896bb74614838f59a9a0a7ced84"
            },
            "name": "absolute_comfort_customer_information_extraction.zip",
            "output_name": "absolute_comfort_customer_information_extraction.zip",
            "retention": [],
            "self_link": "https://www.googleapis.com/storage/v1/b/autobot_scheduler_cloud_function/o/absolute_comfort_customer_information_extraction.zip",
            "source": "./functions/customer_information_extraction.zip",
            "storage_class": "STANDARD",
            "temporary_hold": false,
            "timeouts": null
          },
          "sensitive_attributes": [
            [
              {
                "type": "get_attr",
                "value": "content"
              }
            ]
          ],
          "private": "eyJlMmJmYjczMC1lY2FhLTExZTYtOGY4OC0zNDM2M2JjN2M0YzAiOnsiY3JlYXRlIjoyNDAwMDAwMDAwMDAsImRlbGV0ZSI6MjQwMDAwMDAwMDAwLCJ1cGRhdGUiOjI0MDAwMDAwMDAwMH19"
        },
        {
          "index_key": "absolute_comfort_job_type_extraction",
          "schema_version": 0,
          "attributes": {
            "bucket": "autobot_scheduler_cloud_function",
            "cache_control": "",
            "content": null,
            "content_disposition": "",
            "content_encoding": "",
            "content_language": "",
            "content_type": "application/zip",
            "crc32c": "U91CTQ==",
            "customer_encryption": [],
            "detect_md5hash": "MvdqR6qmyD6U7oFNcRWckA==",
            "event_based_hold": false,
            "generation": 1738094889925186,
            "id": "autobot_scheduler_cloud_function-absolute_comfort_job_type_extraction.zip",
            "kms_key_name": "",
            "md5hash": "MvdqR6qmyD6U7oFNcRWckA==",
            "media_link": "https://storage.googleapis.com/download/storage/v1/b/autobot_scheduler_cloud_function/o/absolute_comfort_job_type_extraction.zip?generation=1738094889925186\u0026alt=media",
            "metadata": {
              "content_hash": "32f76a47aaa6c83e94ee814d71159c90"
            },
            "name": "absolute_comfort_job_type_extraction.zip",
            "output_name": "absolute_comfort_job_type_extraction.zip",
            "retention": [],
            "self_link": "https://www.googleapis.com/storage/v1/b/autobot_scheduler_cloud_function/o/absolute_comfort_job_type_extraction.zip",
            "source": "./functions/job_type_extraction.zip",
            "storage_class": "STANDARD",
            "temporary_hold": false,
            "timeouts": null
          },
          "sensitive_attributes": [
            [
              {
                "type": "get_attr",
                "value": "content"
              }
            ]
          ],
          "private": "eyJlMmJmYjczMC1lY2FhLTExZTYtOGY4OC0zNDM2M2JjN2M0YzAiOnsiY3JlYXRlIjoyNDAwMDAwMDAwMDAsImRlbGV0ZSI6MjQwMDAwMDAwMDAwLCJ1cGRhdGUiOjI0MDAwMDAwMDAwMH19"
        },
        {
          "index_key": "absolute_comfort_location_extraction",
          "schema_version": 0,
          "attributes": {
            "bucket": "autobot_scheduler_cloud_function",
            "cache_control": "",
            "content": null,
            "content_disposition": "",
            "content_encoding": "",
            "content_language": "",
            "content_type": "application/zip",
            "crc32c": "iwLwcg==",
            "customer_encryption": [],
            "detect_md5hash": "5UnMYNAsa0M0T3NbfD1j5w==",
            "event_based_hold": false,
            "generation": 1738094890674312,
            "id": "autobot_scheduler_cloud_function-absolute_comfort_location_extraction.zip",
            "kms_key_name": "",
            "md5hash": "5UnMYNAsa0M0T3NbfD1j5w==",
            "media_link": "https://storage.googleapis.com/download/storage/v1/b/autobot_scheduler_cloud_function/o/absolute_comfort_location_extraction.zip?generation=1738094890674312\u0026alt=media",
            "metadata": {
              "content_hash": "e549cc60d02c6b43344f735b7c3d63e7"
            },
            "name": "absolute_comfort_location_extraction.zip",
            "output_name": "absolute_comfort_location_extraction.zip",
            "retention": [],
            "self_link": "https://www.googleapis.com/storage/v1/b/autobot_scheduler_cloud_function/o/absolute_comfort_location_extraction.zip",
            "source": "./functions/location_extraction.zip",
            "storage_class": "STANDARD",
            "temporary_hold": false,
            "timeouts": null
          },
          "sensitive_attributes": [
            [
              {
                "type": "get_attr",
                "value": "content"
              }
            ]
          ],
          "private": "eyJlMmJmYjczMC1lY2FhLTExZTYtOGY4OC0zNDM2M2JjN2M0YzAiOnsiY3JlYXRlIjoyNDAwMDAwMDAwMDAsImRlbGV0ZSI6MjQwMDAwMDAwMDAwLCJ1cGRhdGUiOjI0MDAwMDAwMDAwMH19"
        },
        {
          "index_key": "absolute_comfort_membership_extraction",
          "schema_version": 0,
          "attributes": {
            "bucket": "autobot_scheduler_cloud_function",
            "cache_control": "",
            "content": null,
            "content_disposition": "",
            "content_encoding": "",
            "content_language": "",
            "content_type": "application/zip",
            "crc32c": "4R8CTQ==",
            "customer_encryption": [],
            "detect_md5hash": "lNAbexvIFbgzMgPv4VAZXQ==",
            "event_based_hold": false,
            "generation": 1738094890695944,
            "id": "autobot_scheduler_cloud_function-absolute_comfort_membership_extraction.zip",
            "kms_key_name": "",
            "md5hash": "lNAbexvIFbgzMgPv4VAZXQ==",
            "media_link": "https://storage.googleapis.com/download/storage/v1/b/autobot_scheduler_cloud_function/o/absolute_comfort_membership_extraction.zip?generation=1738094890695944\u0026alt=media",
            "metadata": {
              "content_hash": "94d01b7b1bc815b8333203efe150195d"
            },
            "name": "absolute_comfort_membership_extraction.zip",
            "output_name": "absolute_comfort_membership_extraction.zip",
            "retention": [],
            "self_link": "https://www.googleapis.com/storage/v1/b/autobot_scheduler_cloud_function/o/absolute_comfort_membership_extraction.zip",
            "source": "./functions/membership_extraction.zip",
            "storage_class": "STANDARD",
            "temporary_hold": false,
            "timeouts": null
          },
          "sensitive_attributes": [
            [
              {
                "type": "get_attr",
                "value": "content"
              }
            ]
          ],
          "private": "eyJlMmJmYjczMC1lY2FhLTExZTYtOGY4OC0zNDM2M2JjN2M0YzAiOnsiY3JlYXRlIjoyNDAwMDAwMDAwMDAsImRlbGV0ZSI6MjQwMDAwMDAwMDAwLCJ1cGRhdGUiOjI0MDAwMDAwMDAwMH19"
        },
        {
          "index_key": "absolute_comfort_membership_types_extraction",
          "schema_version": 0,
          "attributes": {
            "bucket": "autobot_scheduler_cloud_function",
            "cache_control": "",
            "content": null,
            "content_disposition": "",
            "content_encoding": "",
            "content_language": "",
            "content_type": "application/zip",
            "crc32c": "73MD+w==",
            "customer_encryption": [],
            "detect_md5hash": "WjvigBFdr1Fa4El+yXgMyQ==",
            "event_based_hold": false,
            "generation": 1738094889928688,
            "id": "autobot_scheduler_cloud_function-absolute_comfort_membership_types_extraction.zip",
            "kms_key_name": "",
            "md5hash": "WjvigBFdr1Fa4El+yXgMyQ==",
            "media_link": "https://storage.googleapis.com/download/storage/v1/b/autobot_scheduler_cloud_function/o/absolute_comfort_membership_types_extraction.zip?generation=1738094889928688\u0026alt=media",
            "metadata": {
              "content_hash": "5a3be280115daf515ae0497ec9780cc9"
            },
            "name": "absolute_comfort_membership_types_extraction.zip",
            "output_name": "absolute_comfort_membership_types_extraction.zip",
            "retention": [],
            "self_link": "https://www.googleapis.com/storage/v1/b/autobot_scheduler_cloud_function/o/absolute_comfort_membership_types_extraction.zip",
            "source": "./functions/membership_types_extraction.zip",
            "storage_class": "STANDARD",
            "temporary_hold": false,
            "timeouts": null
          },
          "sensitive_attributes": [
            [
              {
                "type": "get_attr",
                "value": "content"
              }
            ]
          ],
          "private": "eyJlMmJmYjczMC1lY2FhLTExZTYtOGY4OC0zNDM2M2JjN2M0YzAiOnsiY3JlYXRlIjoyNDAwMDAwMDAwMDAsImRlbGV0ZSI6MjQwMDAwMDAwMDAwLCJ1cGRhdGUiOjI0MDAwMDAwMDAwMH19"
        },
        {
          "index_key": "absolute_comfort_technician_extraction",
          "schema_version": 0,
          "attributes": {
            "bucket": "autobot_scheduler_cloud_function",
            "cache_control": "",
            "content": null,
            "content_disposition": "",
            "content_encoding": "",
            "content_language": "",
            "content_type": "application/zip",
            "crc32c": "23VJng==",
            "customer_encryption": [],
            "detect_md5hash": "xmryLTsmV6enf4zZkcT5cg==",
            "event_based_hold": false,
            "generation": 1738094889912091,
            "id": "autobot_scheduler_cloud_function-absolute_comfort_technician_extraction.zip",
            "kms_key_name": "",
            "md5hash": "xmryLTsmV6enf4zZkcT5cg==",
            "media_link": "https://storage.googleapis.com/download/storage/v1/b/autobot_scheduler_cloud_function/o/absolute_comfort_technician_extraction.zip?generation=1738094889912091\u0026alt=media",
            "metadata": {
              "content_hash": "c66af22d3b2657a7a77f8cd991c4f972"
            },
            "name": "absolute_comfort_technician_extraction.zip",
            "output_name": "absolute_comfort_technician_extraction.zip",
            "retention": [],
            "self_link": "https://www.googleapis.com/storage/v1/b/autobot_scheduler_cloud_function/o/absolute_comfort_technician_extraction.zip",
            "source": "./functions/technician_extraction.zip",
            "storage_class": "STANDARD",
            "temporary_hold": false,
            "timeouts": null
          },
          "sensitive_attributes": [
            [
              {
                "type": "get_attr",
                "value": "content"
              }
            ]
          ],
          "private": "eyJlMmJmYjczMC1lY2FhLTExZTYtOGY4OC0zNDM2M2JjN2M0YzAiOnsiY3JlYXRlIjoyNDAwMDAwMDAwMDAsImRlbGV0ZSI6MjQwMDAwMDAwMDAwLCJ1cGRhdGUiOjI0MDAwMDAwMDAwMH19"
        },
        {
          "index_key": "yarbrough_and_sons_bu_extraction",
          "schema_version": 0,
          "attributes": {
            "bucket": "autobot_scheduler_cloud_function",
            "cache_control": "",
            "content": null,
            "content_disposition": "",
            "content_encoding": "",
            "content_language": "",
            "content_type": "application/zip",
            "crc32c": "dQ4CUg==",
            "customer_encryption": [],
            "detect_md5hash": "fWq2hJHEUl/zMuR2kUlA4A==",
            "event_based_hold": false,
            "generation": 1738094890666725,
            "id": "autobot_scheduler_cloud_function-yarbrough_and_sons_bu_extraction.zip",
            "kms_key_name": "",
            "md5hash": "fWq2hJHEUl/zMuR2kUlA4A==",
            "media_link": "https://storage.googleapis.com/download/storage/v1/b/autobot_scheduler_cloud_function/o/yarbrough_and_sons_bu_extraction.zip?generation=1738094890666725\u0026alt=media",
            "metadata": {
              "content_hash": "7d6ab68491c4525ff332e476914940e0"
            },
            "name": "yarbrough_and_sons_bu_extraction.zip",
            "output_name": "yarbrough_and_sons_bu_extraction.zip",
            "retention": [],
            "self_link": "https://www.googleapis.com/storage/v1/b/autobot_scheduler_cloud_function/o/yarbrough_and_sons_bu_extraction.zip",
            "source": "./functions/bu_extraction.zip",
            "storage_class": "STANDARD",
            "temporary_hold": false,
            "timeouts": null
          },
          "sensitive_attributes": [
            [
              {
                "type": "get_attr",
                "value": "content"
              }
            ]
          ],
          "private": "eyJlMmJmYjczMC1lY2FhLTExZTYtOGY4OC0zNDM2M2JjN2M0YzAiOnsiY3JlYXRlIjoyNDAwMDAwMDAwMDAsImRlbGV0ZSI6MjQwMDAwMDAwMDAwLCJ1cGRhdGUiOjI0MDAwMDAwMDAwMH19"
        },
        {
          "index_key": "yarbrough_and_sons_campaign_extraction",
          "schema_version": 0,
          "attributes": {
            "bucket": "autobot_scheduler_cloud_function",
            "cache_control": "",
            "content": null,
            "content_disposition": "",
            "content_encoding": "",
            "content_language": "",
            "content_type": "application/zip",
            "crc32c": "A8tPSw==",
            "customer_encryption": [],
            "detect_md5hash": "ybx9Ps40ZApORwXzjTNSbw==",
            "event_based_hold": false,
            "generation": 1738094890677371,
            "id": "autobot_scheduler_cloud_function-yarbrough_and_sons_campaign_extraction.zip",
            "kms_key_name": "",
            "md5hash": "ybx9Ps40ZApORwXzjTNSbw==",
            "media_link": "https://storage.googleapis.com/download/storage/v1/b/autobot_scheduler_cloud_function/o/yarbrough_and_sons_campaign_extraction.zip?generation=1738094890677371\u0026alt=media",
            "metadata": {
              "content_hash": "c9bc7d3ece34640a4e4705f38d33526f"
            },
            "name": "yarbrough_and_sons_campaign_extraction.zip",
            "output_name": "yarbrough_and_sons_campaign_extraction.zip",
            "retention": [],
            "self_link": "https://www.googleapis.com/storage/v1/b/autobot_scheduler_cloud_function/o/yarbrough_and_sons_campaign_extraction.zip",
            "source": "./functions/campaign_extraction.zip",
            "storage_class": "STANDARD",
            "temporary_hold": false,
            "timeouts": null
          },
          "sensitive_attributes": [
            [
              {
                "type": "get_attr",
                "value": "content"
              }
            ]
          ],
          "private": "eyJlMmJmYjczMC1lY2FhLTExZTYtOGY4OC0zNDM2M2JjN2M0YzAiOnsiY3JlYXRlIjoyNDAwMDAwMDAwMDAsImRlbGV0ZSI6MjQwMDAwMDAwMDAwLCJ1cGRhdGUiOjI0MDAwMDAwMDAwMH19"
        },
        {
          "index_key": "yarbrough_and_sons_customer_contact_extraction",
          "schema_version": 0,
          "attributes": {
            "bucket": "autobot_scheduler_cloud_function",
            "cache_control": "",
            "content": null,
            "content_disposition": "",
            "content_encoding": "",
            "content_language": "",
            "content_type": "application/zip",
            "crc32c": "Vggomg==",
            "customer_encryption": [],
            "detect_md5hash": "izh2IH7zbF98p4B2DByzLw==",
            "event_based_hold": false,
            "generation": 1738094889904247,
            "id": "autobot_scheduler_cloud_function-yarbrough_and_sons_customer_contact_extraction.zip",
            "kms_key_name": "",
            "md5hash": "izh2IH7zbF98p4B2DByzLw==",
            "media_link": "https://storage.googleapis.com/download/storage/v1/b/autobot_scheduler_cloud_function/o/yarbrough_and_sons_customer_contact_extraction.zip?generation=1738094889904247\u0026alt=media",
            "metadata": {
              "content_hash": "8b3876207ef36c5f7ca780760c1cb32f"
            },
            "name": "yarbrough_and_sons_customer_contact_extraction.zip",
            "output_name": "yarbrough_and_sons_customer_contact_extraction.zip",
            "retention": [],
            "self_link": "https://www.googleapis.com/storage/v1/b/autobot_scheduler_cloud_function/o/yarbrough_and_sons_customer_contact_extraction.zip",
            "source": "./functions/customer_contact_extraction.zip",
            "storage_class": "STANDARD",
            "temporary_hold": false,
            "timeouts": null
          },
          "sensitive_attributes": [
            [
              {
                "type": "get_attr",
                "value": "content"
              }
            ]
          ],
          "private": "eyJlMmJmYjczMC1lY2FhLTExZTYtOGY4OC0zNDM2M2JjN2M0YzAiOnsiY3JlYXRlIjoyNDAwMDAwMDAwMDAsImRlbGV0ZSI6MjQwMDAwMDAwMDAwLCJ1cGRhdGUiOjI0MDAwMDAwMDAwMH19"
        },
        {
          "index_key": "yarbrough_and_sons_customer_extraction",
          "schema_version": 0,
          "attributes": {
            "bucket": "autobot_scheduler_cloud_function",
            "cache_control": "",
            "content": null,
            "content_disposition": "",
            "content_encoding": "",
            "content_language": "",
            "content_type": "application/zip",
            "crc32c": "4sdNFg==",
            "customer_encryption": [],
            "detect_md5hash": "wbYPBTcwCyNJt9l09eC2Ng==",
            "event_based_hold": false,
            "generation": 1738094889859466,
            "id": "autobot_scheduler_cloud_function-yarbrough_and_sons_customer_extraction.zip",
            "kms_key_name": "",
            "md5hash": "wbYPBTcwCyNJt9l09eC2Ng==",
            "media_link": "https://storage.googleapis.com/download/storage/v1/b/autobot_scheduler_cloud_function/o/yarbrough_and_sons_customer_extraction.zip?generation=1738094889859466\u0026alt=media",
            "metadata": {
              "content_hash": "c1b60f0537300b2349b7d974f5e0b636"
            },
            "name": "yarbrough_and_sons_customer_extraction.zip",
            "output_name": "yarbrough_and_sons_customer_extraction.zip",
            "retention": [],
            "self_link": "https://www.googleapis.com/storage/v1/b/autobot_scheduler_cloud_function/o/yarbrough_and_sons_customer_extraction.zip",
            "source": "./functions/customer_extraction.zip",
            "storage_class": "STANDARD",
            "temporary_hold": false,
            "timeouts": null
          },
          "sensitive_attributes": [
            [
              {
                "type": "get_attr",
                "value": "content"
              }
            ]
          ],
          "private": "eyJlMmJmYjczMC1lY2FhLTExZTYtOGY4OC0zNDM2M2JjN2M0YzAiOnsiY3JlYXRlIjoyNDAwMDAwMDAwMDAsImRlbGV0ZSI6MjQwMDAwMDAwMDAwLCJ1cGRhdGUiOjI0MDAwMDAwMDAwMH19"
        },
        {
          "index_key": "yarbrough_and_sons_customer_information_extraction",
          "schema_version": 0,
          "attributes": {
            "bucket": "autobot_scheduler_cloud_function",
            "cache_control": "",
            "content": null,
            "content_disposition": "",
            "content_encoding": "",
            "content_language": "",
            "content_type": "application/zip",
            "crc32c": "oGYb5A==",
            "customer_encryption": [],
            "detect_md5hash": "I+EIlrt0YUg49ZqaCnzthA==",
            "event_based_hold": false,
            "generation": 1738094890681050,
            "id": "autobot_scheduler_cloud_function-yarbrough_and_sons_customer_information_extraction.zip",
            "kms_key_name": "",
            "md5hash": "I+EIlrt0YUg49ZqaCnzthA==",
            "media_link": "https://storage.googleapis.com/download/storage/v1/b/autobot_scheduler_cloud_function/o/yarbrough_and_sons_customer_information_extraction.zip?generation=1738094890681050\u0026alt=media",
            "metadata": {
              "content_hash": "23e10896bb74614838f59a9a0a7ced84"
            },
            "name": "yarbrough_and_sons_customer_information_extraction.zip",
            "output_name": "yarbrough_and_sons_customer_information_extraction.zip",
            "retention": [],
            "self_link": "https://www.googleapis.com/storage/v1/b/autobot_scheduler_cloud_function/o/yarbrough_and_sons_customer_information_extraction.zip",
            "source": "./functions/customer_information_extraction.zip",
            "storage_class": "STANDARD",
            "temporary_hold": false,
            "timeouts": null
          },
          "sensitive_attributes": [
            [
              {
                "type": "get_attr",
                "value": "content"
              }
            ]
          ],
          "private": "eyJlMmJmYjczMC1lY2FhLTExZTYtOGY4OC0zNDM2M2JjN2M0YzAiOnsiY3JlYXRlIjoyNDAwMDAwMDAwMDAsImRlbGV0ZSI6MjQwMDAwMDAwMDAwLCJ1cGRhdGUiOjI0MDAwMDAwMDAwMH19"
        },
        {
          "index_key": "yarbrough_and_sons_job_type_extraction",
          "schema_version": 0,
          "attributes": {
            "bucket": "autobot_scheduler_cloud_function",
            "cache_control": "",
            "content": null,
            "content_disposition": "",
            "content_encoding": "",
            "content_language": "",
            "content_type": "application/zip",
            "crc32c": "U91CTQ==",
            "customer_encryption": [],
            "detect_md5hash": "MvdqR6qmyD6U7oFNcRWckA==",
            "event_based_hold": false,
            "generation": 1738094890670467,
            "id": "autobot_scheduler_cloud_function-yarbrough_and_sons_job_type_extraction.zip",
            "kms_key_name": "",
            "md5hash": "MvdqR6qmyD6U7oFNcRWckA==",
            "media_link": "https://storage.googleapis.com/download/storage/v1/b/autobot_scheduler_cloud_function/o/yarbrough_and_sons_job_type_extraction.zip?generation=1738094890670467\u0026alt=media",
            "metadata": {
              "content_hash": "32f76a47aaa6c83e94ee814d71159c90"
            },
            "name": "yarbrough_and_sons_job_type_extraction.zip",
            "output_name": "yarbrough_and_sons_job_type_extraction.zip",
            "retention": [],
            "self_link": "https://www.googleapis.com/storage/v1/b/autobot_scheduler_cloud_function/o/yarbrough_and_sons_job_type_extraction.zip",
            "source": "./functions/job_type_extraction.zip",
            "storage_class": "STANDARD",
            "temporary_hold": false,
            "timeouts": null
          },
          "sensitive_attributes": [
            [
              {
                "type": "get_attr",
                "value": "content"
              }
            ]
          ],
          "private": "eyJlMmJmYjczMC1lY2FhLTExZTYtOGY4OC0zNDM2M2JjN2M0YzAiOnsiY3JlYXRlIjoyNDAwMDAwMDAwMDAsImRlbGV0ZSI6MjQwMDAwMDAwMDAwLCJ1cGRhdGUiOjI0MDAwMDAwMDAwMH19"
        },
        {
          "index_key": "yarbrough_and_sons_location_extraction",
          "schema_version": 0,
          "attributes": {
            "bucket": "autobot_scheduler_cloud_function",
            "cache_control": "",
            "content": null,
            "content_disposition": "",
            "content_encoding": "",
            "content_language": "",
            "content_type": "application/zip",
            "crc32c": "iwLwcg==",
            "customer_encryption": [],
            "detect_md5hash": "5UnMYNAsa0M0T3NbfD1j5w==",
            "event_based_hold": false,
            "generation": 1738094889913330,
            "id": "autobot_scheduler_cloud_function-yarbrough_and_sons_location_extraction.zip",
            "kms_key_name": "",
            "md5hash": "5UnMYNAsa0M0T3NbfD1j5w==",
            "media_link": "https://storage.googleapis.com/download/storage/v1/b/autobot_scheduler_cloud_function/o/yarbrough_and_sons_location_extraction.zip?generation=1738094889913330\u0026alt=media",
            "metadata": {
              "content_hash": "e549cc60d02c6b43344f735b7c3d63e7"
            },
            "name": "yarbrough_and_sons_location_extraction.zip",
            "output_name": "yarbrough_and_sons_location_extraction.zip",
            "retention": [],
            "self_link": "https://www.googleapis.com/storage/v1/b/autobot_scheduler_cloud_function/o/yarbrough_and_sons_location_extraction.zip",
            "source": "./functions/location_extraction.zip",
            "storage_class": "STANDARD",
            "temporary_hold": false,
            "timeouts": null
          },
          "sensitive_attributes": [
            [
              {
                "type": "get_attr",
                "value": "content"
              }
            ]
          ],
          "private": "eyJlMmJmYjczMC1lY2FhLTExZTYtOGY4OC0zNDM2M2JjN2M0YzAiOnsiY3JlYXRlIjoyNDAwMDAwMDAwMDAsImRlbGV0ZSI6MjQwMDAwMDAwMDAwLCJ1cGRhdGUiOjI0MDAwMDAwMDAwMH19"
        },
        {
          "index_key": "yarbrough_and_sons_membership_extraction",
          "schema_version": 0,
          "attributes": {
            "bucket": "autobot_scheduler_cloud_function",
            "cache_control": "",
            "content": null,
            "content_disposition": "",
            "content_encoding": "",
            "content_language": "",
            "content_type": "application/zip",
            "crc32c": "4R8CTQ==",
            "customer_encryption": [],
            "detect_md5hash": "lNAbexvIFbgzMgPv4VAZXQ==",
            "event_based_hold": false,
            "generation": 1738094890667012,
            "id": "autobot_scheduler_cloud_function-yarbrough_and_sons_membership_extraction.zip",
            "kms_key_name": "",
            "md5hash": "lNAbexvIFbgzMgPv4VAZXQ==",
            "media_link": "https://storage.googleapis.com/download/storage/v1/b/autobot_scheduler_cloud_function/o/yarbrough_and_sons_membership_extraction.zip?generation=1738094890667012\u0026alt=media",
            "metadata": {
              "content_hash": "94d01b7b1bc815b8333203efe150195d"
            },
            "name": "yarbrough_and_sons_membership_extraction.zip",
            "output_name": "yarbrough_and_sons_membership_extraction.zip",
            "retention": [],
            "self_link": "https://www.googleapis.com/storage/v1/b/autobot_scheduler_cloud_function/o/yarbrough_and_sons_membership_extraction.zip",
            "source": "./functions/membership_extraction.zip",
            "storage_class": "STANDARD",
            "temporary_hold": false,
            "timeouts": null
          },
          "sensitive_attributes": [
            [
              {
                "type": "get_attr",
                "value": "content"
              }
            ]
          ],
          "private": "eyJlMmJmYjczMC1lY2FhLTExZTYtOGY4OC0zNDM2M2JjN2M0YzAiOnsiY3JlYXRlIjoyNDAwMDAwMDAwMDAsImRlbGV0ZSI6MjQwMDAwMDAwMDAwLCJ1cGRhdGUiOjI0MDAwMDAwMDAwMH19"
        },
        {
          "index_key": "yarbrough_and_sons_membership_types_extraction",
          "schema_version": 0,
          "attributes": {
            "bucket": "autobot_scheduler_cloud_function",
            "cache_control": "",
            "content": null,
            "content_disposition": "",
            "content_encoding": "",
            "content_language": "",
            "content_type": "application/zip",
            "crc32c": "73MD+w==",
            "customer_encryption": [],
            "detect_md5hash": "WjvigBFdr1Fa4El+yXgMyQ==",
            "event_based_hold": false,
            "generation": 1738094889859560,
            "id": "autobot_scheduler_cloud_function-yarbrough_and_sons_membership_types_extraction.zip",
            "kms_key_name": "",
            "md5hash": "WjvigBFdr1Fa4El+yXgMyQ==",
            "media_link": "https://storage.googleapis.com/download/storage/v1/b/autobot_scheduler_cloud_function/o/yarbrough_and_sons_membership_types_extraction.zip?generation=1738094889859560\u0026alt=media",
            "metadata": {
              "content_hash": "5a3be280115daf515ae0497ec9780cc9"
            },
            "name": "yarbrough_and_sons_membership_types_extraction.zip",
            "output_name": "yarbrough_and_sons_membership_types_extraction.zip",
            "retention": [],
            "self_link": "https://www.googleapis.com/storage/v1/b/autobot_scheduler_cloud_function/o/yarbrough_and_sons_membership_types_extraction.zip",
            "source": "./functions/membership_types_extraction.zip",
            "storage_class": "STANDARD",
            "temporary_hold": false,
            "timeouts": null
          },
          "sensitive_attributes": [
            [
              {
                "type": "get_attr",
                "value": "content"
              }
            ]
          ],
          "private": "eyJlMmJmYjczMC1lY2FhLTExZTYtOGY4OC0zNDM2M2JjN2M0YzAiOnsiY3JlYXRlIjoyNDAwMDAwMDAwMDAsImRlbGV0ZSI6MjQwMDAwMDAwMDAwLCJ1cGRhdGUiOjI0MDAwMDAwMDAwMH19"
        },
        {
          "index_key": "yarbrough_and_sons_technician_extraction",
          "schema_version": 0,
          "attributes": {
            "bucket": "autobot_scheduler_cloud_function",
            "cache_control": "",
            "content": null,
            "content_disposition": "",
            "content_encoding": "",
            "content_language": "",
            "content_type": "application/zip",
            "crc32c": "23VJng==",
            "customer_encryption": [],
            "detect_md5hash": "xmryLTsmV6enf4zZkcT5cg==",
            "event_based_hold": false,
            "generation": 1738094890827959,
            "id": "autobot_scheduler_cloud_function-yarbrough_and_sons_technician_extraction.zip",
            "kms_key_name": "",
            "md5hash": "xmryLTsmV6enf4zZkcT5cg==",
            "media_link": "https://storage.googleapis.com/download/storage/v1/b/autobot_scheduler_cloud_function/o/yarbrough_and_sons_technician_extraction.zip?generation=1738094890827959\u0026alt=media",
            "metadata": {
              "content_hash": "c66af22d3b2657a7a77f8cd991c4f972"
            },
            "name": "yarbrough_and_sons_technician_extraction.zip",
            "output_name": "yarbrough_and_sons_technician_extraction.zip",
            "retention": [],
            "self_link": "https://www.googleapis.com/storage/v1/b/autobot_scheduler_cloud_function/o/yarbrough_and_sons_technician_extraction.zip",
            "source": "./functions/technician_extraction.zip",
            "storage_class": "STANDARD",
            "temporary_hold": false,
            "timeouts": null
          },
          "sensitive_attributes": [
            [
              {
                "type": "get_attr",
                "value": "content"
              }
            ]
          ],
          "private": "eyJlMmJmYjczMC1lY2FhLTExZTYtOGY4OC0zNDM2M2JjN2M0YzAiOnsiY3JlYXRlIjoyNDAwMDAwMDAwMDAsImRlbGV0ZSI6MjQwMDAwMDAwMDAwLCJ1cGRhdGUiOjI0MDAwMDAwMDAwMH19"
        }
      ]
    },
    {
      "module": "module.pubsub",
      "mode": "managed",
      "type": "google_pubsub_topic",
      "name": "topics",
      "provider": "provider[\"registry.terraform.io/hashicorp/google\"]",
      "instances": [
        {
          "index_key": "absolute_comfort_bu_extraction",
          "schema_version": 0,
          "attributes": {
            "effective_labels": {},
            "id": "projects/autobot-v1-356820/topics/absolute_comfort_bu_extraction",
            "ingestion_data_source_settings": [],
            "kms_key_name": "",
            "labels": {},
            "message_retention_duration": "",
            "message_storage_policy": [],
            "name": "absolute_comfort_bu_extraction",
            "project": "autobot-v1-356820",
            "schema_settings": [],
            "terraform_labels": {},
            "timeouts": null
          },
          "sensitive_attributes": [],
          "private": "eyJlMmJmYjczMC1lY2FhLTExZTYtOGY4OC0zNDM2M2JjN2M0YzAiOnsiY3JlYXRlIjoxMjAwMDAwMDAwMDAwLCJkZWxldGUiOjEyMDAwMDAwMDAwMDAsInVwZGF0ZSI6MTIwMDAwMDAwMDAwMH19",
          "dependencies": [
            "module.function_storage.google_storage_bucket_object.functions"
          ]
        },
        {
          "index_key": "absolute_comfort_campaign_extraction",
          "schema_version": 0,
          "attributes": {
            "effective_labels": {},
            "id": "projects/autobot-v1-356820/topics/absolute_comfort_campaign_extraction",
            "ingestion_data_source_settings": [],
            "kms_key_name": "",
            "labels": {},
            "message_retention_duration": "",
            "message_storage_policy": [],
            "name": "absolute_comfort_campaign_extraction",
            "project": "autobot-v1-356820",
            "schema_settings": [],
            "terraform_labels": {},
            "timeouts": null
          },
          "sensitive_attributes": [],
          "private": "eyJlMmJmYjczMC1lY2FhLTExZTYtOGY4OC0zNDM2M2JjN2M0YzAiOnsiY3JlYXRlIjoxMjAwMDAwMDAwMDAwLCJkZWxldGUiOjEyMDAwMDAwMDAwMDAsInVwZGF0ZSI6MTIwMDAwMDAwMDAwMH19",
          "dependencies": [
            "module.function_storage.google_storage_bucket_object.functions"
          ]
        },
        {
          "index_key": "absolute_comfort_customer_contact_extraction",
          "schema_version": 0,
          "attributes": {
            "effective_labels": {},
            "id": "projects/autobot-v1-356820/topics/absolute_comfort_customer_contact_extraction",
            "ingestion_data_source_settings": [],
            "kms_key_name": "",
            "labels": {},
            "message_retention_duration": "",
            "message_storage_policy": [],
            "name": "absolute_comfort_customer_contact_extraction",
            "project": "autobot-v1-356820",
            "schema_settings": [],
            "terraform_labels": {},
            "timeouts": null
          },
          "sensitive_attributes": [],
          "private": "eyJlMmJmYjczMC1lY2FhLTExZTYtOGY4OC0zNDM2M2JjN2M0YzAiOnsiY3JlYXRlIjoxMjAwMDAwMDAwMDAwLCJkZWxldGUiOjEyMDAwMDAwMDAwMDAsInVwZGF0ZSI6MTIwMDAwMDAwMDAwMH19",
          "dependencies": [
            "module.function_storage.google_storage_bucket_object.functions"
          ]
        },
        {
          "index_key": "absolute_comfort_customer_extraction",
          "schema_version": 0,
          "attributes": {
            "effective_labels": {},
            "id": "projects/autobot-v1-356820/topics/absolute_comfort_customer_extraction",
            "ingestion_data_source_settings": [],
            "kms_key_name": "",
            "labels": {},
            "message_retention_duration": "",
            "message_storage_policy": [],
            "name": "absolute_comfort_customer_extraction",
            "project": "autobot-v1-356820",
            "schema_settings": [],
            "terraform_labels": {},
            "timeouts": null
          },
          "sensitive_attributes": [],
          "private": "eyJlMmJmYjczMC1lY2FhLTExZTYtOGY4OC0zNDM2M2JjN2M0YzAiOnsiY3JlYXRlIjoxMjAwMDAwMDAwMDAwLCJkZWxldGUiOjEyMDAwMDAwMDAwMDAsInVwZGF0ZSI6MTIwMDAwMDAwMDAwMH19",
          "dependencies": [
            "module.function_storage.google_storage_bucket_object.functions"
          ]
        },
        {
          "index_key": "absolute_comfort_customer_information_extraction",
          "schema_version": 0,
          "attributes": {
            "effective_labels": {},
            "id": "projects/autobot-v1-356820/topics/absolute_comfort_customer_information_extraction",
            "ingestion_data_source_settings": [],
            "kms_key_name": "",
            "labels": {},
            "message_retention_duration": "",
            "message_storage_policy": [],
            "name": "absolute_comfort_customer_information_extraction",
            "project": "autobot-v1-356820",
            "schema_settings": [],
            "terraform_labels": {},
            "timeouts": null
          },
          "sensitive_attributes": [],
          "private": "eyJlMmJmYjczMC1lY2FhLTExZTYtOGY4OC0zNDM2M2JjN2M0YzAiOnsiY3JlYXRlIjoxMjAwMDAwMDAwMDAwLCJkZWxldGUiOjEyMDAwMDAwMDAwMDAsInVwZGF0ZSI6MTIwMDAwMDAwMDAwMH19",
          "dependencies": [
            "module.function_storage.google_storage_bucket_object.functions"
          ]
        },
        {
          "index_key": "absolute_comfort_job_type_extraction",
          "schema_version": 0,
          "attributes": {
            "effective_labels": {},
            "id": "projects/autobot-v1-356820/topics/absolute_comfort_job_type_extraction",
            "ingestion_data_source_settings": [],
            "kms_key_name": "",
            "labels": {},
            "message_retention_duration": "",
            "message_storage_policy": [],
            "name": "absolute_comfort_job_type_extraction",
            "project": "autobot-v1-356820",
            "schema_settings": [],
            "terraform_labels": {},
            "timeouts": null
          },
          "sensitive_attributes": [],
          "private": "eyJlMmJmYjczMC1lY2FhLTExZTYtOGY4OC0zNDM2M2JjN2M0YzAiOnsiY3JlYXRlIjoxMjAwMDAwMDAwMDAwLCJkZWxldGUiOjEyMDAwMDAwMDAwMDAsInVwZGF0ZSI6MTIwMDAwMDAwMDAwMH19",
          "dependencies": [
            "module.function_storage.google_storage_bucket_object.functions"
          ]
        },
        {
          "index_key": "absolute_comfort_location_extraction",
          "schema_version": 0,
          "attributes": {
            "effective_labels": {},
            "id": "projects/autobot-v1-356820/topics/absolute_comfort_location_extraction",
            "ingestion_data_source_settings": [],
            "kms_key_name": "",
            "labels": {},
            "message_retention_duration": "",
            "message_storage_policy": [],
            "name": "absolute_comfort_location_extraction",
            "project": "autobot-v1-356820",
            "schema_settings": [],
            "terraform_labels": {},
            "timeouts": null
          },
          "sensitive_attributes": [],
          "private": "eyJlMmJmYjczMC1lY2FhLTExZTYtOGY4OC0zNDM2M2JjN2M0YzAiOnsiY3JlYXRlIjoxMjAwMDAwMDAwMDAwLCJkZWxldGUiOjEyMDAwMDAwMDAwMDAsInVwZGF0ZSI6MTIwMDAwMDAwMDAwMH19",
          "dependencies": [
            "module.function_storage.google_storage_bucket_object.functions"
          ]
        },
        {
          "index_key": "absolute_comfort_membership_extraction",
          "schema_version": 0,
          "attributes": {
            "effective_labels": {},
            "id": "projects/autobot-v1-356820/topics/absolute_comfort_membership_extraction",
            "ingestion_data_source_settings": [],
            "kms_key_name": "",
            "labels": {},
            "message_retention_duration": "",
            "message_storage_policy": [],
            "name": "absolute_comfort_membership_extraction",
            "project": "autobot-v1-356820",
            "schema_settings": [],
            "terraform_labels": {},
            "timeouts": null
          },
          "sensitive_attributes": [],
          "private": "eyJlMmJmYjczMC1lY2FhLTExZTYtOGY4OC0zNDM2M2JjN2M0YzAiOnsiY3JlYXRlIjoxMjAwMDAwMDAwMDAwLCJkZWxldGUiOjEyMDAwMDAwMDAwMDAsInVwZGF0ZSI6MTIwMDAwMDAwMDAwMH19",
          "dependencies": [
            "module.function_storage.google_storage_bucket_object.functions"
          ]
        },
        {
          "index_key": "absolute_comfort_membership_types_extraction",
          "schema_version": 0,
          "attributes": {
            "effective_labels": {},
            "id": "projects/autobot-v1-356820/topics/absolute_comfort_membership_types_extraction",
            "ingestion_data_source_settings": [],
            "kms_key_name": "",
            "labels": {},
            "message_retention_duration": "",
            "message_storage_policy": [],
            "name": "absolute_comfort_membership_types_extraction",
            "project": "autobot-v1-356820",
            "schema_settings": [],
            "terraform_labels": {},
            "timeouts": null
          },
          "sensitive_attributes": [],
          "private": "eyJlMmJmYjczMC1lY2FhLTExZTYtOGY4OC0zNDM2M2JjN2M0YzAiOnsiY3JlYXRlIjoxMjAwMDAwMDAwMDAwLCJkZWxldGUiOjEyMDAwMDAwMDAwMDAsInVwZGF0ZSI6MTIwMDAwMDAwMDAwMH19",
          "dependencies": [
            "module.function_storage.google_storage_bucket_object.functions"
          ]
        },
        {
          "index_key": "absolute_comfort_technician_extraction",
          "schema_version": 0,
          "attributes": {
            "effective_labels": {},
            "id": "projects/autobot-v1-356820/topics/absolute_comfort_technician_extraction",
            "ingestion_data_source_settings": [],
            "kms_key_name": "",
            "labels": {},
            "message_retention_duration": "",
            "message_storage_policy": [],
            "name": "absolute_comfort_technician_extraction",
            "project": "autobot-v1-356820",
            "schema_settings": [],
            "terraform_labels": {},
            "timeouts": null
          },
          "sensitive_attributes": [],
          "private": "eyJlMmJmYjczMC1lY2FhLTExZTYtOGY4OC0zNDM2M2JjN2M0YzAiOnsiY3JlYXRlIjoxMjAwMDAwMDAwMDAwLCJkZWxldGUiOjEyMDAwMDAwMDAwMDAsInVwZGF0ZSI6MTIwMDAwMDAwMDAwMH19",
          "dependencies": [
            "module.function_storage.google_storage_bucket_object.functions"
          ]
        },
        {
          "index_key": "yarbrough_and_sons_bu_extraction",
          "schema_version": 0,
          "attributes": {
            "effective_labels": {},
            "id": "projects/autobot-v1-356820/topics/yarbrough_and_sons_bu_extraction",
            "ingestion_data_source_settings": [],
            "kms_key_name": "",
            "labels": {},
            "message_retention_duration": "",
            "message_storage_policy": [],
            "name": "yarbrough_and_sons_bu_extraction",
            "project": "autobot-v1-356820",
            "schema_settings": [],
            "terraform_labels": {},
            "timeouts": null
          },
          "sensitive_attributes": [],
          "private": "eyJlMmJmYjczMC1lY2FhLTExZTYtOGY4OC0zNDM2M2JjN2M0YzAiOnsiY3JlYXRlIjoxMjAwMDAwMDAwMDAwLCJkZWxldGUiOjEyMDAwMDAwMDAwMDAsInVwZGF0ZSI6MTIwMDAwMDAwMDAwMH19",
          "dependencies": [
            "module.function_storage.google_storage_bucket_object.functions"
          ]
        },
        {
          "index_key": "yarbrough_and_sons_campaign_extraction",
          "schema_version": 0,
          "attributes": {
            "effective_labels": {},
            "id": "projects/autobot-v1-356820/topics/yarbrough_and_sons_campaign_extraction",
            "ingestion_data_source_settings": [],
            "kms_key_name": "",
            "labels": {},
            "message_retention_duration": "",
            "message_storage_policy": [],
            "name": "yarbrough_and_sons_campaign_extraction",
            "project": "autobot-v1-356820",
            "schema_settings": [],
            "terraform_labels": {},
            "timeouts": null
          },
          "sensitive_attributes": [],
          "private": "eyJlMmJmYjczMC1lY2FhLTExZTYtOGY4OC0zNDM2M2JjN2M0YzAiOnsiY3JlYXRlIjoxMjAwMDAwMDAwMDAwLCJkZWxldGUiOjEyMDAwMDAwMDAwMDAsInVwZGF0ZSI6MTIwMDAwMDAwMDAwMH19",
          "dependencies": [
            "module.function_storage.google_storage_bucket_object.functions"
          ]
        },
        {
          "index_key": "yarbrough_and_sons_customer_contact_extraction",
          "schema_version": 0,
          "attributes": {
            "effective_labels": {},
            "id": "projects/autobot-v1-356820/topics/yarbrough_and_sons_customer_contact_extraction",
            "ingestion_data_source_settings": [],
            "kms_key_name": "",
            "labels": {},
            "message_retention_duration": "",
            "message_storage_policy": [],
            "name": "yarbrough_and_sons_customer_contact_extraction",
            "project": "autobot-v1-356820",
            "schema_settings": [],
            "terraform_labels": {},
            "timeouts": null
          },
          "sensitive_attributes": [],
          "private": "eyJlMmJmYjczMC1lY2FhLTExZTYtOGY4OC0zNDM2M2JjN2M0YzAiOnsiY3JlYXRlIjoxMjAwMDAwMDAwMDAwLCJkZWxldGUiOjEyMDAwMDAwMDAwMDAsInVwZGF0ZSI6MTIwMDAwMDAwMDAwMH19",
          "dependencies": [
            "module.function_storage.google_storage_bucket_object.functions"
          ]
        },
        {
          "index_key": "yarbrough_and_sons_customer_extraction",
          "schema_version": 0,
          "attributes": {
            "effective_labels": {},
            "id": "projects/autobot-v1-356820/topics/yarbrough_and_sons_customer_extraction",
            "ingestion_data_source_settings": [],
            "kms_key_name": "",
            "labels": {},
            "message_retention_duration": "",
            "message_storage_policy": [],
            "name": "yarbrough_and_sons_customer_extraction",
            "project": "autobot-v1-356820",
            "schema_settings": [],
            "terraform_labels": {},
            "timeouts": null
          },
          "sensitive_attributes": [],
          "private": "eyJlMmJmYjczMC1lY2FhLTExZTYtOGY4OC0zNDM2M2JjN2M0YzAiOnsiY3JlYXRlIjoxMjAwMDAwMDAwMDAwLCJkZWxldGUiOjEyMDAwMDAwMDAwMDAsInVwZGF0ZSI6MTIwMDAwMDAwMDAwMH19",
          "dependencies": [
            "module.function_storage.google_storage_bucket_object.functions"
          ]
        },
        {
          "index_key": "yarbrough_and_sons_customer_information_extraction",
          "schema_version": 0,
          "attributes": {
            "effective_labels": {},
            "id": "projects/autobot-v1-356820/topics/yarbrough_and_sons_customer_information_extraction",
            "ingestion_data_source_settings": [],
            "kms_key_name": "",
            "labels": {},
            "message_retention_duration": "",
            "message_storage_policy": [],
            "name": "yarbrough_and_sons_customer_information_extraction",
            "project": "autobot-v1-356820",
            "schema_settings": [],
            "terraform_labels": {},
            "timeouts": null
          },
          "sensitive_attributes": [],
          "private": "eyJlMmJmYjczMC1lY2FhLTExZTYtOGY4OC0zNDM2M2JjN2M0YzAiOnsiY3JlYXRlIjoxMjAwMDAwMDAwMDAwLCJkZWxldGUiOjEyMDAwMDAwMDAwMDAsInVwZGF0ZSI6MTIwMDAwMDAwMDAwMH19",
          "dependencies": [
            "module.function_storage.google_storage_bucket_object.functions"
          ]
        },
        {
          "index_key": "yarbrough_and_sons_job_type_extraction",
          "schema_version": 0,
          "attributes": {
            "effective_labels": {},
            "id": "projects/autobot-v1-356820/topics/yarbrough_and_sons_job_type_extraction",
            "ingestion_data_source_settings": [],
            "kms_key_name": "",
            "labels": {},
            "message_retention_duration": "",
            "message_storage_policy": [],
            "name": "yarbrough_and_sons_job_type_extraction",
            "project": "autobot-v1-356820",
            "schema_settings": [],
            "terraform_labels": {},
            "timeouts": null
          },
          "sensitive_attributes": [],
          "private": "eyJlMmJmYjczMC1lY2FhLTExZTYtOGY4OC0zNDM2M2JjN2M0YzAiOnsiY3JlYXRlIjoxMjAwMDAwMDAwMDAwLCJkZWxldGUiOjEyMDAwMDAwMDAwMDAsInVwZGF0ZSI6MTIwMDAwMDAwMDAwMH19",
          "dependencies": [
            "module.function_storage.google_storage_bucket_object.functions"
          ]
        },
        {
          "index_key": "yarbrough_and_sons_location_extraction",
          "schema_version": 0,
          "attributes": {
            "effective_labels": {},
            "id": "projects/autobot-v1-356820/topics/yarbrough_and_sons_location_extraction",
            "ingestion_data_source_settings": [],
            "kms_key_name": "",
            "labels": {},
            "message_retention_duration": "",
            "message_storage_policy": [],
            "name": "yarbrough_and_sons_location_extraction",
            "project": "autobot-v1-356820",
            "schema_settings": [],
            "terraform_labels": {},
            "timeouts": null
          },
          "sensitive_attributes": [],
          "private": "eyJlMmJmYjczMC1lY2FhLTExZTYtOGY4OC0zNDM2M2JjN2M0YzAiOnsiY3JlYXRlIjoxMjAwMDAwMDAwMDAwLCJkZWxldGUiOjEyMDAwMDAwMDAwMDAsInVwZGF0ZSI6MTIwMDAwMDAwMDAwMH19",
          "dependencies": [
            "module.function_storage.google_storage_bucket_object.functions"
          ]
        },
        {
          "index_key": "yarbrough_and_sons_membership_extraction",
          "schema_version": 0,
          "attributes": {
            "effective_labels": {},
            "id": "projects/autobot-v1-356820/topics/yarbrough_and_sons_membership_extraction",
            "ingestion_data_source_settings": [],
            "kms_key_name": "",
            "labels": {},
            "message_retention_duration": "",
            "message_storage_policy": [],
            "name": "yarbrough_and_sons_membership_extraction",
            "project": "autobot-v1-356820",
            "schema_settings": [],
            "terraform_labels": {},
            "timeouts": null
          },
          "sensitive_attributes": [],
          "private": "eyJlMmJmYjczMC1lY2FhLTExZTYtOGY4OC0zNDM2M2JjN2M0YzAiOnsiY3JlYXRlIjoxMjAwMDAwMDAwMDAwLCJkZWxldGUiOjEyMDAwMDAwMDAwMDAsInVwZGF0ZSI6MTIwMDAwMDAwMDAwMH19",
          "dependencies": [
            "module.function_storage.google_storage_bucket_object.functions"
          ]
        },
        {
          "index_key": "yarbrough_and_sons_membership_types_extraction",
          "schema_version": 0,
          "attributes": {
            "effective_labels": {},
            "id": "projects/autobot-v1-356820/topics/yarbrough_and_sons_membership_types_extraction",
            "ingestion_data_source_settings": [],
            "kms_key_name": "",
            "labels": {},
            "message_retention_duration": "",
            "message_storage_policy": [],
            "name": "yarbrough_and_sons_membership_types_extraction",
            "project": "autobot-v1-356820",
            "schema_settings": [],
            "terraform_labels": {},
            "timeouts": null
          },
          "sensitive_attributes": [],
          "private": "eyJlMmJmYjczMC1lY2FhLTExZTYtOGY4OC0zNDM2M2JjN2M0YzAiOnsiY3JlYXRlIjoxMjAwMDAwMDAwMDAwLCJkZWxldGUiOjEyMDAwMDAwMDAwMDAsInVwZGF0ZSI6MTIwMDAwMDAwMDAwMH19",
          "dependencies": [
            "module.function_storage.google_storage_bucket_object.functions"
          ]
        },
        {
          "index_key": "yarbrough_and_sons_technician_extraction",
          "schema_version": 0,
          "attributes": {
            "effective_labels": {},
            "id": "projects/autobot-v1-356820/topics/yarbrough_and_sons_technician_extraction",
            "ingestion_data_source_settings": [],
            "kms_key_name": "",
            "labels": {},
            "message_retention_duration": "",
            "message_storage_policy": [],
            "name": "yarbrough_and_sons_technician_extraction",
            "project": "autobot-v1-356820",
            "schema_settings": [],
            "terraform_labels": {},
            "timeouts": null
          },
          "sensitive_attributes": [],
          "private": "eyJlMmJmYjczMC1lY2FhLTExZTYtOGY4OC0zNDM2M2JjN2M0YzAiOnsiY3JlYXRlIjoxMjAwMDAwMDAwMDAwLCJkZWxldGUiOjEyMDAwMDAwMDAwMDAsInVwZGF0ZSI6MTIwMDAwMDAwMDAwMH19",
          "dependencies": [
            "module.function_storage.google_storage_bucket_object.functions"
          ]
        }
      ]
    }
  ],
  "check_results": null
}
