{
  "version": 4,
  "terraform_version": "1.10.1",
  "serial": 54,
  "lineage": "48e70072-1546-2357-426b-7ba5e860b82a",
  "outputs": {},
  "resources": [
    {
      "mode": "managed",
      "type": "null_resource",
      "name": "check_credentials",
      "provider": "provider[\"registry.terraform.io/hashicorp/null\"]",
      "instances": [
        {
          "schema_version": 0,
          "attributes": {
            "id": "4917799204517930633",
            "triggers": null
          },
          "sensitive_attributes": []
        }
      ]
    },
    {
      "module": "module.cloud_functions",
      "mode": "managed",
      "type": "google_cloudfunctions_function",
      "name": "functions",
      "provider": "provider[\"registry.terraform.io/hashicorp/google\"]",
      "instances": [
        {
          "index_key": "yarbrough_and_sons_bu_extraction",
          "status": "tainted",
          "schema_version": 0,
          "attributes": {
            "available_memory_mb": 512,
            "build_environment_variables": null,
            "build_service_account": null,
            "build_worker_pool": null,
            "description": null,
            "docker_registry": null,
            "docker_repository": null,
            "effective_labels": null,
            "entry_point": "extract_business_units",
            "environment_variables": {
              "TENANT_IDS": "469367432"
            },
            "event_trigger": [
              {
                "event_type": "google.pubsub.topic.publish",
                "failure_policy": [],
                "resource": "projects/autobot-v1-356820/topics/yarbrough_and_sons_bu_extraction"
              }
            ],
            "https_trigger_security_level": null,
            "https_trigger_url": null,
            "id": "projects/autobot-v1-356820/locations/us-central1/functions/yarbrough_and_sons_bu_extraction",
            "ingress_settings": "ALLOW_ALL",
            "kms_key_name": null,
            "labels": null,
            "max_instances": null,
            "min_instances": null,
            "name": "yarbrough_and_sons_bu_extraction",
            "project": "autobot-v1-356820",
            "region": "us-central1",
            "runtime": "python311",
            "secret_environment_variables": [],
            "secret_volumes": [],
            "service_account_email": null,
            "source_archive_bucket": "autobot_scheduler_cloud_function",
            "source_archive_object": "yarbrough_and_sons_bu_extraction.zip",
            "source_repository": [],
            "status": null,
            "terraform_labels": null,
            "timeout": 60,
            "timeouts": null,
            "trigger_http": null,
            "version_id": null,
            "vpc_connector": null,
            "vpc_connector_egress_settings": null
          },
          "sensitive_attributes": [],
          "private": "eyJlMmJmYjczMC1lY2FhLTExZTYtOGY4OC0zNDM2M2JjN2M0YzAiOnsiY3JlYXRlIjozMDAwMDAwMDAwMDAsImRlbGV0ZSI6MzAwMDAwMDAwMDAwLCJyZWFkIjozMDAwMDAwMDAwMDAsInVwZGF0ZSI6MzAwMDAwMDAwMDAwfX0="
        },
        {
          "index_key": "yarbrough_and_sons_campaign_extraction",
          "status": "tainted",
          "schema_version": 0,
          "attributes": {
            "available_memory_mb": 512,
            "build_environment_variables": null,
            "build_service_account": null,
            "build_worker_pool": null,
            "description": null,
            "docker_registry": null,
            "docker_repository": null,
            "effective_labels": null,
            "entry_point": "extract_campaigns",
            "environment_variables": {
              "TENANT_IDS": "469367432"
            },
            "event_trigger": [
              {
                "event_type": "google.pubsub.topic.publish",
                "failure_policy": [],
                "resource": "projects/autobot-v1-356820/topics/yarbrough_and_sons_campaign_extraction"
              }
            ],
            "https_trigger_security_level": null,
            "https_trigger_url": null,
            "id": "projects/autobot-v1-356820/locations/us-central1/functions/yarbrough_and_sons_campaign_extraction",
            "ingress_settings": "ALLOW_ALL",
            "kms_key_name": null,
            "labels": null,
            "max_instances": null,
            "min_instances": null,
            "name": "yarbrough_and_sons_campaign_extraction",
            "project": "autobot-v1-356820",
            "region": "us-central1",
            "runtime": "python311",
            "secret_environment_variables": [],
            "secret_volumes": [],
            "service_account_email": null,
            "source_archive_bucket": "autobot_scheduler_cloud_function",
            "source_archive_object": "yarbrough_and_sons_campaign_extraction.zip",
            "source_repository": [],
            "status": null,
            "terraform_labels": null,
            "timeout": 60,
            "timeouts": null,
            "trigger_http": null,
            "version_id": null,
            "vpc_connector": null,
            "vpc_connector_egress_settings": null
          },
          "sensitive_attributes": [],
          "private": "eyJlMmJmYjczMC1lY2FhLTExZTYtOGY4OC0zNDM2M2JjN2M0YzAiOnsiY3JlYXRlIjozMDAwMDAwMDAwMDAsImRlbGV0ZSI6MzAwMDAwMDAwMDAwLCJyZWFkIjozMDAwMDAwMDAwMDAsInVwZGF0ZSI6MzAwMDAwMDAwMDAwfX0="
        }
      ]
    },
    {
      "module": "module.cloud_scheduler",
      "mode": "managed",
      "type": "google_cloud_scheduler_job",
      "name": "schedulers",
      "provider": "provider[\"registry.terraform.io/hashicorp/google\"]",
      "instances": [
        {
          "index_key": "yarbrough_and_sons_bu_extraction",
          "schema_version": 0,
          "attributes": {
            "app_engine_http_target": [],
            "attempt_deadline": "",
            "description": "Business Unit Extraction",
            "http_target": [],
            "id": "projects/autobot-v1-356820/locations/us-central1/jobs/yarbrough_and_sons_bu_extraction",
            "name": "yarbrough_and_sons_bu_extraction",
            "paused": false,
            "project": "autobot-v1-356820",
            "pubsub_target": [
              {
                "attributes": null,
                "data": "eyJ0ZW5hbnRfaWQiOiI0NjkzNjc0MzIifQ==",
                "topic_name": "projects/autobot-v1-356820/topics/yarbrough_and_sons_bu_extraction"
              }
            ],
            "region": "us-central1",
            "retry_config": [],
            "schedule": "0 0 1 * *",
            "state": "ENABLED",
            "time_zone": "America/Chicago",
            "timeouts": null
          },
          "sensitive_attributes": [],
          "private": "eyJlMmJmYjczMC1lY2FhLTExZTYtOGY4OC0zNDM2M2JjN2M0YzAiOnsiY3JlYXRlIjoxMjAwMDAwMDAwMDAwLCJkZWxldGUiOjEyMDAwMDAwMDAwMDAsInVwZGF0ZSI6MTIwMDAwMDAwMDAwMH19"
        },
        {
          "index_key": "yarbrough_and_sons_campaign_extraction",
          "schema_version": 0,
          "attributes": {
            "app_engine_http_target": [],
            "attempt_deadline": "",
            "description": "Campaign Extraction",
            "http_target": [],
            "id": "projects/autobot-v1-356820/locations/us-central1/jobs/yarbrough_and_sons_campaign_extraction",
            "name": "yarbrough_and_sons_campaign_extraction",
            "paused": false,
            "project": "autobot-v1-356820",
            "pubsub_target": [
              {
                "attributes": null,
                "data": "eyJ0ZW5hbnRfaWQiOiI0NjkzNjc0MzIifQ==",
                "topic_name": "projects/autobot-v1-356820/topics/yarbrough_and_sons_campaign_extraction"
              }
            ],
            "region": "us-central1",
            "retry_config": [],
            "schedule": "*/2 * * * *",
            "state": "ENABLED",
            "time_zone": "America/Chicago",
            "timeouts": null
          },
          "sensitive_attributes": [],
          "private": "eyJlMmJmYjczMC1lY2FhLTExZTYtOGY4OC0zNDM2M2JjN2M0YzAiOnsiY3JlYXRlIjoxMjAwMDAwMDAwMDAwLCJkZWxldGUiOjEyMDAwMDAwMDAwMDAsInVwZGF0ZSI6MTIwMDAwMDAwMDAwMH19"
        }
      ]
    },
    {
      "module": "module.pubsub",
      "mode": "managed",
      "type": "google_pubsub_topic",
      "name": "topics",
      "provider": "provider[\"registry.terraform.io/hashicorp/google\"]",
      "instances": [
        {
          "index_key": "yarbrough_and_sons_bu_extraction",
          "schema_version": 0,
          "attributes": {
            "effective_labels": {},
            "id": "projects/autobot-v1-356820/topics/yarbrough_and_sons_bu_extraction",
            "ingestion_data_source_settings": [],
            "kms_key_name": "",
            "labels": null,
            "message_retention_duration": "",
            "message_storage_policy": [],
            "name": "yarbrough_and_sons_bu_extraction",
            "project": "autobot-v1-356820",
            "schema_settings": [],
            "terraform_labels": {},
            "timeouts": null
          },
          "sensitive_attributes": [],
          "private": "eyJlMmJmYjczMC1lY2FhLTExZTYtOGY4OC0zNDM2M2JjN2M0YzAiOnsiY3JlYXRlIjoxMjAwMDAwMDAwMDAwLCJkZWxldGUiOjEyMDAwMDAwMDAwMDAsInVwZGF0ZSI6MTIwMDAwMDAwMDAwMH19"
        },
        {
          "index_key": "yarbrough_and_sons_campaign_extraction",
          "schema_version": 0,
          "attributes": {
            "effective_labels": {},
            "id": "projects/autobot-v1-356820/topics/yarbrough_and_sons_campaign_extraction",
            "ingestion_data_source_settings": [],
            "kms_key_name": "",
            "labels": null,
            "message_retention_duration": "",
            "message_storage_policy": [],
            "name": "yarbrough_and_sons_campaign_extraction",
            "project": "autobot-v1-356820",
            "schema_settings": [],
            "terraform_labels": {},
            "timeouts": null
          },
          "sensitive_attributes": [],
          "private": "eyJlMmJmYjczMC1lY2FhLTExZTYtOGY4OC0zNDM2M2JjN2M0YzAiOnsiY3JlYXRlIjoxMjAwMDAwMDAwMDAwLCJkZWxldGUiOjEyMDAwMDAwMDAwMDAsInVwZGF0ZSI6MTIwMDAwMDAwMDAwMH19"
        }
      ]
    }
  ],
  "check_results": null
}
